<?xml version="1.0" encoding="utf-8"?>
<Project ToolsVersion="4.0" xmlns="http://schemas.microsoft.com/developer/msbuild/2003">
  <ItemGroup>
    <ClCompile Include="ArkEngine\Vendor\Jolt\AABBTree\*.cpp" />
    <ClCompile Include="ArkEngine\Vendor\Jolt\Core\*.cpp" />
    <ClCompile Include="ArkEngine\Vendor\Jolt\Core\*.cpp" />
    <ClCompile Include="ArkEngine\Vendor\Jolt\Core\*.cpp" />
    <ClCompile Include="ArkEngine\Vendor\Jolt\Core\*.cpp" />
    <ClCompile Include="ArkEngine\Vendor\Jolt\Core\*.cpp" />
    <ClCompile Include="ArkEngine\Vendor\Jolt\Core\*.cpp" />
    <ClCompile Include="ArkEngine\Vendor\Jolt\Core\*.cpp" />
    <ClCompile Include="ArkEngine\Vendor\Jolt\Core\*.cpp" />
    <ClCompile Include="ArkEngine\Vendor\Jolt\Core\*.cpp" />
    <ClCompile Include="ArkEngine\Vendor\Jolt\Core\*.cpp" />
    <ClCompile Include="ArkEngine\Vendor\Jolt\Core\*.cpp" />
    <ClCompile Include="ArkEngine\Vendor\Jolt\Core\*.cpp" />
    <ClCompile Include="ArkEngine\Vendor\Jolt\Core\*.cpp" />
    <ClCompile Include="ArkEngine\Vendor\Jolt\Geometry\*.cpp" />
    <ClCompile Include="ArkEngine\Vendor\Jolt\Geometry\*.cpp" />
    <ClCompile Include="ArkEngine\Vendor\Jolt\Geometry\*.cpp" />
    <ClCompile Include="ArkEngine\Vendor\Jolt\Geometry\*.cpp" />
    <ClCompile Include="ArkEngine\Vendor\Jolt\Math\*.cpp" />
    <ClCompile Include="ArkEngine\Vendor\Jolt\ObjectStream\*.cpp" />
    <ClCompile Include="ArkEngine\Vendor\Jolt\ObjectStream\*.cpp" />
    <ClCompile Include="ArkEngine\Vendor\Jolt\ObjectStream\*.cpp" />
    <ClCompile Include="ArkEngine\Vendor\Jolt\ObjectStream\*.cpp" />
    <ClCompile Include="ArkEngine\Vendor\Jolt\ObjectStream\*.cpp" />
    <ClCompile Include="ArkEngine\Vendor\Jolt\ObjectStream\*.cpp" />
    <ClCompile Include="ArkEngine\Vendor\Jolt\ObjectStream\*.cpp" />
    <ClCompile Include="ArkEngine\Vendor\Jolt\ObjectStream\*.cpp" />
    <ClCompile Include="ArkEngine\Vendor\Jolt\ObjectStream\*.cpp" />
    <ClCompile Include="ArkEngine\Vendor\Jolt\Physics\**\*.cpp" />
    <ClCompile Include="ArkEngine\Vendor\Jolt\Physics\**\*.cpp" />
    <ClCompile Include="ArkEngine\Vendor\Jolt\Physics\**\*.cpp" />
    <ClCompile Include="ArkEngine\Vendor\Jolt\Physics\**\*.cpp" />
    <ClCompile Include="ArkEngine\Vendor\Jolt\Physics\**\*.cpp" />
    <ClCompile Include="ArkEngine\Vendor\Jolt\Physics\**\*.cpp" />
    <ClCompile Include="ArkEngine\Vendor\Jolt\Physics\**\*.cpp" />
    <ClCompile Include="ArkEngine\Vendor\Jolt\Physics\**\*.cpp" />
    <ClCompile Include="ArkEngine\Vendor\Jolt\Physics\**\*.cpp" />
    <ClCompile Include="ArkEngine\Vendor\Jolt\Physics\**\*.cpp" />
    <ClCompile Include="ArkEngine\Vendor\Jolt\Physics\**\*.cpp" />
    <ClCompile Include="ArkEngine\Vendor\Jolt\Physics\**\*.cpp" />
    <ClCompile Include="ArkEngine\Vendor\Jolt\Physics\**\*.cpp" />
    <ClCompile Include="ArkEngine\Vendor\Jolt\Physics\**\*.cpp" />
    <ClCompile Include="ArkEngine\Vendor\Jolt\Physics\**\*.cpp" />
    <ClCompile Include="ArkEngine\Vendor\Jolt\Physics\**\*.cpp" />
    <ClCompile Include="ArkEngine\Vendor\Jolt\Physics\**\*.cpp" />
    <ClCompile Include="ArkEngine\Vendor\Jolt\Physics\**\*.cpp" />
    <ClCompile Include="ArkEngine\Vendor\Jolt\Physics\**\*.cpp" />
    <ClCompile Include="ArkEngine\Vendor\Jolt\Physics\**\*.cpp" />
    <ClCompile Include="ArkEngine\Vendor\Jolt\Physics\**\*.cpp" />
    <ClCompile Include="ArkEngine\Vendor\Jolt\Physics\**\*.cpp" />
    <ClCompile Include="ArkEngine\Vendor\Jolt\Physics\**\*.cpp" />
    <ClCompile Include="ArkEngine\Vendor\Jolt\Physics\**\*.cpp" />
    <ClCompile Include="ArkEngine\Vendor\Jolt\Physics\**\*.cpp" />
    <ClCompile Include="ArkEngine\Vendor\Jolt\Physics\**\*.cpp" />
    <ClCompile Include="ArkEngine\Vendor\Jolt\Physics\**\*.cpp" />
    <ClCompile Include="ArkEngine\Vendor\Jolt\Physics\**\*.cpp" />
    <ClCompile Include="ArkEngine\Vendor\Jolt\Physics\**\*.cpp" />
    <ClCompile Include="ArkEngine\Vendor\Jolt\Physics\**\*.cpp" />
    <ClCompile Include="ArkEngine\Vendor\Jolt\Physics\**\*.cpp" />
    <ClCompile Include="ArkEngine\Vendor\Jolt\Physics\**\*.cpp" />
    <ClCompile Include="ArkEngine\Vendor\Jolt\Physics\**\*.cpp" />
    <ClCompile Include="ArkEngine\Vendor\Jolt\Physics\**\*.cpp" />
    <ClCompile Include="ArkEngine\Vendor\Jolt\Physics\**\*.cpp" />
    <ClCompile Include="ArkEngine\Vendor\Jolt\Physics\**\*.cpp" />
    <ClCompile Include="ArkEngine\Vendor\Jolt\Physics\**\*.cpp" />
    <ClCompile Include="ArkEngine\Vendor\Jolt\Physics\**\*.cpp" />
    <ClCompile Include="ArkEngine\Vendor\Jolt\Physics\**\*.cpp" />
    <ClCompile Include="ArkEngine\Vendor\Jolt\Physics\**\*.cpp" />
    <ClCompile Include="ArkEngine\Vendor\Jolt\Physics\**\*.cpp" />
    <ClCompile Include="ArkEngine\Vendor\Jolt\Physics\**\*.cpp" />
    <ClCompile Include="ArkEngine\Vendor\Jolt\Physics\**\*.cpp" />
    <ClCompile Include="ArkEngine\Vendor\Jolt\Physics\**\*.cpp" />
    <ClCompile Include="ArkEngine\Vendor\Jolt\Physics\**\*.cpp" />
    <ClCompile Include="ArkEngine\Vendor\Jolt\Physics\**\*.cpp" />
    <ClCompile Include="ArkEngine\Vendor\Jolt\Physics\**\*.cpp" />
    <ClCompile Include="ArkEngine\Vendor\Jolt\Physics\**\*.cpp" />
    <ClCompile Include="ArkEngine\Vendor\Jolt\Physics\**\*.cpp" />
    <ClCompile Include="ArkEngine\Vendor\Jolt\Physics\**\*.cpp" />
    <ClCompile Include="ArkEngine\Vendor\Jolt\Physics\**\*.cpp" />
    <ClCompile Include="ArkEngine\Vendor\Jolt\Physics\**\*.cpp" />
    <ClCompile Include="ArkEngine\Vendor\Jolt\Physics\**\*.cpp" />
    <ClCompile Include="ArkEngine\Vendor\Jolt\Physics\**\*.cpp" />
    <ClCompile Include="ArkEngine\Vendor\Jolt\Physics\**\*.cpp" />
    <ClCompile Include="ArkEngine\Vendor\Jolt\Physics\**\*.cpp" />
    <ClCompile Include="ArkEngine\Vendor\Jolt\Physics\**\*.cpp" />
    <ClCompile Include="ArkEngine\Vendor\Jolt\Physics\**\*.cpp" />
    <ClCompile Include="ArkEngine\Vendor\Jolt\Physics\**\*.cpp" />
    <ClCompile Include="ArkEngine\Vendor\Jolt\Physics\**\*.cpp" />
    <ClCompile Include="ArkEngine\Vendor\Jolt\Physics\**\*.cpp" />
    <ClCompile Include="ArkEngine\Vendor\Jolt\Physics\**\*.cpp" />
    <ClCompile Include="ArkEngine\Vendor\Jolt\Physics\**\*.cpp" />
    <ClCompile Include="ArkEngine\Vendor\Jolt\Physics\**\*.cpp" />
    <ClCompile Include="ArkEngine\Vendor\Jolt\Physics\**\*.cpp" />
    <ClCompile Include="ArkEngine\Vendor\Jolt\Physics\**\*.cpp" />
    <ClCompile Include="ArkEngine\Vendor\Jolt\Physics\**\*.cpp" />
    <ClCompile Include="ArkEngine\Vendor\Jolt\Physics\**\*.cpp" />
    <ClCompile Include="ArkEngine\Vendor\Jolt\Physics\**\*.cpp" />
    <ClCompile Include="ArkEngine\Vendor\Jolt\Physics\**\*.cpp" />
    <ClCompile Include="ArkEngine\Vendor\Jolt\Physics\**\*.cpp" />
    <ClCompile Include="ArkEngine\Vendor\Jolt\Physics\**\*.cpp" />
    <ClCompile Include="ArkEngine\Vendor\Jolt\Physics\**\*.cpp" />
    <ClCompile Include="ArkEngine\Vendor\Jolt\Physics\**\*.cpp" />
    <ClCompile Include="ArkEngine\Vendor\Jolt\Physics\**\*.cpp" />
    <ClCompile Include="ArkEngine\Vendor\Jolt\Physics\**\*.cpp" />
    <ClCompile Include="ArkEngine\Vendor\Jolt\Physics\**\*.cpp" />
    <ClCompile Include="ArkEngine\Vendor\Jolt\Physics\**\*.cpp" />
    <ClCompile Include="ArkEngine\Vendor\Jolt\Physics\**\*.cpp" />
    <ClCompile Include="ArkEngine\Vendor\Jolt\Physics\**\*.cpp" />
    <ClCompile Include="ArkEngine\Vendor\Jolt\Physics\**\*.cpp" />
    <ClCompile Include="ArkEngine\Vendor\Jolt\Physics\**\*.cpp" />
    <ClCompile Include="ArkEngine\Vendor\Jolt\Physics\**\*.cpp" />
    <ClCompile Include="ArkEngine\Vendor\Jolt\Physics\**\*.cpp" />
    <ClCompile Include="ArkEngine\Vendor\Jolt\Physics\**\*.cpp" />
    <ClCompile Include="ArkEngine\Vendor\Jolt\Physics\**\*.cpp" />
    <ClCompile Include="ArkEngine\Vendor\Jolt\Physics\**\*.cpp" />
    <ClCompile Include="ArkEngine\Vendor\Jolt\Physics\**\*.cpp" />
    <ClCompile Include="ArkEngine\Vendor\Jolt\Physics\**\*.cpp" />
    <ClCompile Include="ArkEngine\Vendor\Jolt\Physics\**\*.cpp" />
    <ClCompile Include="ArkEngine\Vendor\Jolt\Physics\**\*.cpp" />
    <ClCompile Include="ArkEngine\Vendor\Jolt\Physics\**\*.cpp" />
    <ClCompile Include="ArkEngine\Vendor\Jolt\Physics\**\*.cpp" />
    <ClCompile Include="ArkEngine\Vendor\Jolt\Physics\**\*.cpp" />
    <ClCompile Include="ArkEngine\Vendor\Jolt\Physics\**\*.cpp" />
    <ClCompile Include="ArkEngine\Vendor\Jolt\Physics\**\*.cpp" />
    <ClCompile Include="ArkEngine\Vendor\Jolt\Skeleton\*.cpp" />
    <ClCompile Include="ArkEngine\Vendor\Jolt\Skeleton\*.cpp" />
    <ClCompile Include="ArkEngine\Vendor\Jolt\Skeleton\*.cpp" />
    <ClCompile Include="ArkEngine\Vendor\Jolt\Skeleton\*.cpp" />
    <ClCompile Include="ArkEngine\Vendor\Jolt\TriangleSplitter\*.cpp" />
    <ClCompile Include="ArkEngine\Vendor\Jolt\TriangleSplitter\*.cpp" />
    <ClCompile Include="ArkEngine\Vendor\Jolt\TriangleSplitter\*.cpp" />
    <ClCompile Include="ArkEngine\Vendor\Jolt\RegisterTypes.cpp" />
    <ClCompile Include="ArkEngine\Vendor\Jolt\Core\*.cpp" />
    <ClCompile Include="ArkEngine\Vendor\Jolt\Core\*.cpp" />
    <ClCompile Include="ArkEngine\Vendor\Jolt\Core\*.cpp" />
    <ClCompile Include="ArkEngine\Vendor\Jolt\Core\*.cpp" />
    <ClCompile Include="ArkEngine\Vendor\Jolt\Core\*.cpp" />
    <ClCompile Include="ArkEngine\Vendor\Jolt\Core\*.cpp" />
    <ClCompile Include="ArkEngine\Vendor\Jolt\Core\*.cpp" />
    <ClCompile Include="ArkEngine\Vendor\Jolt\Core\*.cpp" />
    <ClCompile Include="ArkEngine\Vendor\Jolt\Core\*.cpp" />
    <ClCompile Include="ArkEngine\Vendor\Jolt\Core\*.cpp" />
    <ClCompile Include="ArkEngine\Vendor\Jolt\Core\*.cpp" />
    <ClCompile Include="ArkEngine\Vendor\Jolt\Core\*.cpp" />
    <ClCompile Include="ArkEngine\Vendor\Jolt\Geometry\*.cpp" />
    <ClCompile Include="ArkEngine\Vendor\Jolt\Geometry\*.cpp" />
    <ClCompile Include="ArkEngine\Vendor\Jolt\Geometry\*.cpp" />
    <ClCompile Include="ArkEngine\Vendor\Jolt\ObjectStream\*.cpp" />
    <ClCompile Include="ArkEngine\Vendor\Jolt\ObjectStream\*.cpp" />
    <ClCompile Include="ArkEngine\Vendor\Jolt\ObjectStream\*.cpp" />
    <ClCompile Include="ArkEngine\Vendor\Jolt\ObjectStream\*.cpp" />
    <ClCompile Include="ArkEngine\Vendor\Jolt\ObjectStream\*.cpp" />
    <ClCompile Include="ArkEngine\Vendor\Jolt\ObjectStream\*.cpp" />
    <ClCompile Include="ArkEngine\Vendor\Jolt\ObjectStream\*.cpp" />
    <ClCompile Include="ArkEngine\Vendor\Jolt\ObjectStream\*.cpp" />
    <ClCompile Include="ArkEngine\Vendor\Jolt\Physics\**\*.cpp" />
    <ClCompile Include="ArkEngine\Vendor\Jolt\Physics\**\*.cpp" />
    <ClCompile Include="ArkEngine\Vendor\Jolt\Physics\**\*.cpp" />
    <ClCompile Include="ArkEngine\Vendor\Jolt\Physics\**\*.cpp" />
    <ClCompile Include="ArkEngine\Vendor\Jolt\Physics\**\*.cpp" />
    <ClCompile Include="ArkEngine\Vendor\Jolt\Physics\**\*.cpp" />
    <ClCompile Include="ArkEngine\Vendor\Jolt\Physics\**\*.cpp" />
    <ClCompile Include="ArkEngine\Vendor\Jolt\Physics\**\*.cpp" />
    <ClCompile Include="ArkEngine\Vendor\Jolt\Physics\**\*.cpp" />
    <ClCompile Include="ArkEngine\Vendor\Jolt\Physics\**\*.cpp" />
    <ClCompile Include="ArkEngine\Vendor\Jolt\Physics\**\*.cpp" />
    <ClCompile Include="ArkEngine\Vendor\Jolt\Physics\**\*.cpp" />
    <ClCompile Include="ArkEngine\Vendor\Jolt\Physics\**\*.cpp" />
    <ClCompile Include="ArkEngine\Vendor\Jolt\Physics\**\*.cpp" />
    <ClCompile Include="ArkEngine\Vendor\Jolt\Physics\**\*.cpp" />
    <ClCompile Include="ArkEngine\Vendor\Jolt\Physics\**\*.cpp" />
    <ClCompile Include="ArkEngine\Vendor\Jolt\Physics\**\*.cpp" />
    <ClCompile Include="ArkEngine\Vendor\Jolt\Physics\**\*.cpp" />
    <ClCompile Include="ArkEngine\Vendor\Jolt\Physics\**\*.cpp" />
    <ClCompile Include="ArkEngine\Vendor\Jolt\Physics\**\*.cpp" />
    <ClCompile Include="ArkEngine\Vendor\Jolt\Physics\**\*.cpp" />
    <ClCompile Include="ArkEngine\Vendor\Jolt\Physics\**\*.cpp" />
    <ClCompile Include="ArkEngine\Vendor\Jolt\Physics\**\*.cpp" />
    <ClCompile Include="ArkEngine\Vendor\Jolt\Physics\**\*.cpp" />
    <ClCompile Include="ArkEngine\Vendor\Jolt\Physics\**\*.cpp" />
    <ClCompile Include="ArkEngine\Vendor\Jolt\Physics\**\*.cpp" />
    <ClCompile Include="ArkEngine\Vendor\Jolt\Physics\**\*.cpp" />
    <ClCompile Include="ArkEngine\Vendor\Jolt\Physics\**\*.cpp" />
    <ClCompile Include="ArkEngine\Vendor\Jolt\Physics\**\*.cpp" />
    <ClCompile Include="ArkEngine\Vendor\Jolt\Physics\**\*.cpp" />
    <ClCompile Include="ArkEngine\Vendor\Jolt\Physics\**\*.cpp" />
    <ClCompile Include="ArkEngine\Vendor\Jolt\Physics\**\*.cpp" />
    <ClCompile Include="ArkEngine\Vendor\Jolt\Physics\**\*.cpp" />
    <ClCompile Include="ArkEngine\Vendor\Jolt\Physics\**\*.cpp" />
    <ClCompile Include="ArkEngine\Vendor\Jolt\Physics\**\*.cpp" />
    <ClCompile Include="ArkEngine\Vendor\Jolt\Physics\**\*.cpp" />
    <ClCompile Include="ArkEngine\Vendor\Jolt\Physics\**\*.cpp" />
    <ClCompile Include="ArkEngine\Vendor\Jolt\Physics\**\*.cpp" />
    <ClCompile Include="ArkEngine\Vendor\Jolt\Physics\**\*.cpp" />
    <ClCompile Include="ArkEngine\Vendor\Jolt\Physics\**\*.cpp" />
    <ClCompile Include="ArkEngine\Vendor\Jolt\Physics\**\*.cpp" />
    <ClCompile Include="ArkEngine\Vendor\Jolt\Physics\**\*.cpp" />
    <ClCompile Include="ArkEngine\Vendor\Jolt\Physics\**\*.cpp" />
    <ClCompile Include="ArkEngine\Vendor\Jolt\Physics\**\*.cpp" />
    <ClCompile Include="ArkEngine\Vendor\Jolt\Physics\**\*.cpp" />
    <ClCompile Include="ArkEngine\Vendor\Jolt\Physics\**\*.cpp" />
    <ClCompile Include="ArkEngine\Vendor\Jolt\Physics\**\*.cpp" />
    <ClCompile Include="ArkEngine\Vendor\Jolt\Physics\**\*.cpp" />
    <ClCompile Include="ArkEngine\Vendor\Jolt\Physics\**\*.cpp" />
    <ClCompile Include="ArkEngine\Vendor\Jolt\Physics\**\*.cpp" />
    <ClCompile Include="ArkEngine\Vendor\Jolt\Physics\**\*.cpp" />
    <ClCompile Include="ArkEngine\Vendor\Jolt\Physics\**\*.cpp" />
    <ClCompile Include="ArkEngine\Vendor\Jolt\Physics\**\*.cpp" />
    <ClCompile Include="ArkEngine\Vendor\Jolt\Physics\**\*.cpp" />
    <ClCompile Include="ArkEngine\Vendor\Jolt\Physics\**\*.cpp" />
    <ClCompile Include="ArkEngine\Vendor\Jolt\Physics\**\*.cpp" />
    <ClCompile Include="ArkEngine\Vendor\Jolt\Physics\**\*.cpp" />
    <ClCompile Include="ArkEngine\Vendor\Jolt\Physics\**\*.cpp" />
    <ClCompile Include="ArkEngine\Vendor\Jolt\Physics\**\*.cpp" />
    <ClCompile Include="ArkEngine\Vendor\Jolt\Physics\**\*.cpp" />
    <ClCompile Include="ArkEngine\Vendor\Jolt\Physics\**\*.cpp" />
    <ClCompile Include="ArkEngine\Vendor\Jolt\Physics\**\*.cpp" />
    <ClCompile Include="ArkEngine\Vendor\Jolt\Physics\**\*.cpp" />
    <ClCompile Include="ArkEngine\Vendor\Jolt\Physics\**\*.cpp" />
    <ClCompile Include="ArkEngine\Vendor\Jolt\Physics\**\*.cpp" />
    <ClCompile Include="ArkEngine\Vendor\Jolt\Physics\**\*.cpp" />
    <ClCompile Include="ArkEngine\Vendor\Jolt\Physics\**\*.cpp" />
    <ClCompile Include="ArkEngine\Vendor\Jolt\Physics\**\*.cpp" />
    <ClCompile Include="ArkEngine\Vendor\Jolt\Physics\**\*.cpp" />
    <ClCompile Include="ArkEngine\Vendor\Jolt\Physics\**\*.cpp" />
    <ClCompile Include="ArkEngine\Vendor\Jolt\Physics\**\*.cpp" />
    <ClCompile Include="ArkEngine\Vendor\Jolt\Physics\**\*.cpp" />
    <ClCompile Include="ArkEngine\Vendor\Jolt\Physics\**\*.cpp" />
    <ClCompile Include="ArkEngine\Vendor\Jolt\Physics\**\*.cpp" />
    <ClCompile Include="ArkEngine\Vendor\Jolt\Physics\**\*.cpp" />
    <ClCompile Include="ArkEngine\Vendor\Jolt\Physics\**\*.cpp" />
    <ClCompile Include="ArkEngine\Vendor\Jolt\Physics\**\*.cpp" />
    <ClCompile Include="ArkEngine\Vendor\Jolt\Physics\**\*.cpp" />
    <ClCompile Include="ArkEngine\Vendor\Jolt\Physics\**\*.cpp" />
    <ClCompile Include="ArkEngine\Vendor\Jolt\Physics\**\*.cpp" />
    <ClCompile Include="ArkEngine\Vendor\Jolt\Physics\**\*.cpp" />
    <ClCompile Include="ArkEngine\Vendor\Jolt\Physics\**\*.cpp" />
    <ClCompile Include="ArkEngine\Vendor\Jolt\Physics\**\*.cpp" />
    <ClCompile Include="ArkEngine\Vendor\Jolt\Physics\**\*.cpp" />
    <ClCompile Include="ArkEngine\Vendor\Jolt\Physics\**\*.cpp" />
    <ClCompile Include="ArkEngine\Vendor\Jolt\Physics\**\*.cpp" />
    <ClCompile Include="ArkEngine\Vendor\Jolt\Physics\**\*.cpp" />
    <ClCompile Include="ArkEngine\Vendor\Jolt\Physics\**\*.cpp" />
    <ClCompile Include="ArkEngine\Vendor\Jolt\Physics\**\*.cpp" />
    <ClCompile Include="ArkEngine\Vendor\Jolt\Physics\**\*.cpp" />
    <ClCompile Include="ArkEngine\Vendor\Jolt\Physics\**\*.cpp" />
    <ClCompile Include="ArkEngine\Vendor\Jolt\Physics\**\*.cpp" />
    <ClCompile Include="ArkEngine\Vendor\Jolt\Physics\**\*.cpp" />
    <ClCompile Include="ArkEngine\Vendor\Jolt\Physics\**\*.cpp" />
    <ClCompile Include="ArkEngine\Vendor\Jolt\Physics\**\*.cpp" />
    <ClCompile Include="ArkEngine\Vendor\Jolt\Skeleton\*.cpp" />
    <ClCompile Include="ArkEngine\Vendor\Jolt\Skeleton\*.cpp" />
    <ClCompile Include="ArkEngine\Vendor\Jolt\Skeleton\*.cpp" />
    <ClCompile Include="ArkEngine\Vendor\Jolt\TriangleSplitter\*.cpp" />
    <ClCompile Include="ArkEngine\Vendor\Jolt\TriangleSplitter\*.cpp" />
    <ClCompile Include="ArkEngine\Vendor\Jolt\Core\*.cpp" />
    <ClCompile Include="ArkEngine\Vendor\Jolt\Core\*.cpp" />
    <ClCompile Include="ArkEngine\Vendor\Jolt\Core\*.cpp" />
    <ClCompile Include="ArkEngine\Vendor\Jolt\Core\*.cpp" />
    <ClCompile Include="ArkEngine\Vendor\Jolt\Core\*.cpp" />
    <ClCompile Include="ArkEngine\Vendor\Jolt\Core\*.cpp" />
    <ClCompile Include="ArkEngine\Vendor\Jolt\Core\*.cpp" />
    <ClCompile Include="ArkEngine\Vendor\Jolt\Core\*.cpp" />
    <ClCompile Include="ArkEngine\Vendor\Jolt\Core\*.cpp" />
    <ClCompile Include="ArkEngine\Vendor\Jolt\Core\*.cpp" />
    <ClCompile Include="ArkEngine\Vendor\Jolt\Core\*.cpp" />
    <ClCompile Include="ArkEngine\Vendor\Jolt\Core\*.cpp" />
    <ClCompile Include="ArkEngine\Vendor\Jolt\Geometry\*.cpp" />
    <ClCompile Include="ArkEngine\Vendor\Jolt\Geometry\*.cpp" />
    <ClCompile Include="ArkEngine\Vendor\Jolt\Geometry\*.cpp" />
    <ClCompile Include="ArkEngine\Vendor\Jolt\ObjectStream\*.cpp" />
    <ClCompile Include="ArkEngine\Vendor\Jolt\ObjectStream\*.cpp" />
    <ClCompile Include="ArkEngine\Vendor\Jolt\ObjectStream\*.cpp" />
    <ClCompile Include="ArkEngine\Vendor\Jolt\ObjectStream\*.cpp" />
    <ClCompile Include="ArkEngine\Vendor\Jolt\ObjectStream\*.cpp" />
    <ClCompile Include="ArkEngine\Vendor\Jolt\ObjectStream\*.cpp" />
    <ClCompile Include="ArkEngine\Vendor\Jolt\ObjectStream\*.cpp" />
    <ClCompile Include="ArkEngine\Vendor\Jolt\ObjectStream\*.cpp" />
    <ClCompile Include="ArkEngine\Vendor\Jolt\Physics\**\*.cpp" />
    <ClCompile Include="ArkEngine\Vendor\Jolt\Physics\**\*.cpp" />
    <ClCompile Include="ArkEngine\Vendor\Jolt\Physics\**\*.cpp" />
    <ClCompile Include="ArkEngine\Vendor\Jolt\Physics\**\*.cpp" />
    <ClCompile Include="ArkEngine\Vendor\Jolt\Physics\**\*.cpp" />
    <ClCompile Include="ArkEngine\Vendor\Jolt\Physics\**\*.cpp" />
    <ClCompile Include="ArkEngine\Vendor\Jolt\Physics\**\*.cpp" />
    <ClCompile Include="ArkEngine\Vendor\Jolt\Physics\**\*.cpp" />
    <ClCompile Include="ArkEngine\Vendor\Jolt\Physics\**\*.cpp" />
    <ClCompile Include="ArkEngine\Vendor\Jolt\Physics\**\*.cpp" />
    <ClCompile Include="ArkEngine\Vendor\Jolt\Physics\**\*.cpp" />
    <ClCompile Include="ArkEngine\Vendor\Jolt\Physics\**\*.cpp" />
    <ClCompile Include="ArkEngine\Vendor\Jolt\Physics\**\*.cpp" />
    <ClCompile Include="ArkEngine\Vendor\Jolt\Physics\**\*.cpp" />
    <ClCompile Include="ArkEngine\Vendor\Jolt\Physics\**\*.cpp" />
    <ClCompile Include="ArkEngine\Vendor\Jolt\Physics\**\*.cpp" />
    <ClCompile Include="ArkEngine\Vendor\Jolt\Physics\**\*.cpp" />
    <ClCompile Include="ArkEngine\Vendor\Jolt\Physics\**\*.cpp" />
    <ClCompile Include="ArkEngine\Vendor\Jolt\Physics\**\*.cpp" />
    <ClCompile Include="ArkEngine\Vendor\Jolt\Physics\**\*.cpp" />
    <ClCompile Include="ArkEngine\Vendor\Jolt\Physics\**\*.cpp" />
    <ClCompile Include="ArkEngine\Vendor\Jolt\Physics\**\*.cpp" />
    <ClCompile Include="ArkEngine\Vendor\Jolt\Physics\**\*.cpp" />
    <ClCompile Include="ArkEngine\Vendor\Jolt\Physics\**\*.cpp" />
    <ClCompile Include="ArkEngine\Vendor\Jolt\Physics\**\*.cpp" />
    <ClCompile Include="ArkEngine\Vendor\Jolt\Physics\**\*.cpp" />
    <ClCompile Include="ArkEngine\Vendor\Jolt\Physics\**\*.cpp" />
    <ClCompile Include="ArkEngine\Vendor\Jolt\Physics\**\*.cpp" />
    <ClCompile Include="ArkEngine\Vendor\Jolt\Physics\**\*.cpp" />
    <ClCompile Include="ArkEngine\Vendor\Jolt\Physics\**\*.cpp" />
    <ClCompile Include="ArkEngine\Vendor\Jolt\Physics\**\*.cpp" />
    <ClCompile Include="ArkEngine\Vendor\Jolt\Physics\**\*.cpp" />
    <ClCompile Include="ArkEngine\Vendor\Jolt\Physics\**\*.cpp" />
    <ClCompile Include="ArkEngine\Vendor\Jolt\Physics\**\*.cpp" />
    <ClCompile Include="ArkEngine\Vendor\Jolt\Physics\**\*.cpp" />
    <ClCompile Include="ArkEngine\Vendor\Jolt\Physics\**\*.cpp" />
    <ClCompile Include="ArkEngine\Vendor\Jolt\Physics\**\*.cpp" />
    <ClCompile Include="ArkEngine\Vendor\Jolt\Physics\**\*.cpp" />
    <ClCompile Include="ArkEngine\Vendor\Jolt\Physics\**\*.cpp" />
    <ClCompile Include="ArkEngine\Vendor\Jolt\Physics\**\*.cpp" />
    <ClCompile Include="ArkEngine\Vendor\Jolt\Physics\**\*.cpp" />
    <ClCompile Include="ArkEngine\Vendor\Jolt\Physics\**\*.cpp" />
    <ClCompile Include="ArkEngine\Vendor\Jolt\Physics\**\*.cpp" />
    <ClCompile Include="ArkEngine\Vendor\Jolt\Physics\**\*.cpp" />
    <ClCompile Include="ArkEngine\Vendor\Jolt\Physics\**\*.cpp" />
    <ClCompile Include="ArkEngine\Vendor\Jolt\Physics\**\*.cpp" />
    <ClCompile Include="ArkEngine\Vendor\Jolt\Physics\**\*.cpp" />
    <ClCompile Include="ArkEngine\Vendor\Jolt\Physics\**\*.cpp" />
    <ClCompile Include="ArkEngine\Vendor\Jolt\Physics\**\*.cpp" />
    <ClCompile Include="ArkEngine\Vendor\Jolt\Physics\**\*.cpp" />
    <ClCompile Include="ArkEngine\Vendor\Jolt\Physics\**\*.cpp" />
    <ClCompile Include="ArkEngine\Vendor\Jolt\Physics\**\*.cpp" />
    <ClCompile Include="ArkEngine\Vendor\Jolt\Physics\**\*.cpp" />
    <ClCompile Include="ArkEngine\Vendor\Jolt\Physics\**\*.cpp" />
    <ClCompile Include="ArkEngine\Vendor\Jolt\Physics\**\*.cpp" />
    <ClCompile Include="ArkEngine\Vendor\Jolt\Physics\**\*.cpp" />
    <ClCompile Include="ArkEngine\Vendor\Jolt\Physics\**\*.cpp" />
    <ClCompile Include="ArkEngine\Vendor\Jolt\Physics\**\*.cpp" />
    <ClCompile Include="ArkEngine\Vendor\Jolt\Physics\**\*.cpp" />
    <ClCompile Include="ArkEngine\Vendor\Jolt\Physics\**\*.cpp" />
    <ClCompile Include="ArkEngine\Vendor\Jolt\Physics\**\*.cpp" />
    <ClCompile Include="ArkEngine\Vendor\Jolt\Physics\**\*.cpp" />
    <ClCompile Include="ArkEngine\Vendor\Jolt\Physics\**\*.cpp" />
    <ClCompile Include="ArkEngine\Vendor\Jolt\Physics\**\*.cpp" />
    <ClCompile Include="ArkEngine\Vendor\Jolt\Physics\**\*.cpp" />
    <ClCompile Include="ArkEngine\Vendor\Jolt\Physics\**\*.cpp" />
    <ClCompile Include="ArkEngine\Vendor\Jolt\Physics\**\*.cpp" />
    <ClCompile Include="ArkEngine\Vendor\Jolt\Physics\**\*.cpp" />
    <ClCompile Include="ArkEngine\Vendor\Jolt\Physics\**\*.cpp" />
    <ClCompile Include="ArkEngine\Vendor\Jolt\Physics\**\*.cpp" />
    <ClCompile Include="ArkEngine\Vendor\Jolt\Physics\**\*.cpp" />
    <ClCompile Include="ArkEngine\Vendor\Jolt\Physics\**\*.cpp" />
    <ClCompile Include="ArkEngine\Vendor\Jolt\Physics\**\*.cpp" />
    <ClCompile Include="ArkEngine\Vendor\Jolt\Physics\**\*.cpp" />
    <ClCompile Include="ArkEngine\Vendor\Jolt\Physics\**\*.cpp" />
    <ClCompile Include="ArkEngine\Vendor\Jolt\Physics\**\*.cpp" />
    <ClCompile Include="ArkEngine\Vendor\Jolt\Physics\**\*.cpp" />
    <ClCompile Include="ArkEngine\Vendor\Jolt\Physics\**\*.cpp" />
    <ClCompile Include="ArkEngine\Vendor\Jolt\Physics\**\*.cpp" />
    <ClCompile Include="ArkEngine\Vendor\Jolt\Physics\**\*.cpp" />
    <ClCompile Include="ArkEngine\Vendor\Jolt\Physics\**\*.cpp" />
    <ClCompile Include="ArkEngine\Vendor\Jolt\Physics\**\*.cpp" />
    <ClCompile Include="ArkEngine\Vendor\Jolt\Physics\**\*.cpp" />
    <ClCompile Include="ArkEngine\Vendor\Jolt\Physics\**\*.cpp" />
    <ClCompile Include="ArkEngine\Vendor\Jolt\Physics\**\*.cpp" />
    <ClCompile Include="ArkEngine\Vendor\Jolt\Physics\**\*.cpp" />
    <ClCompile Include="ArkEngine\Vendor\Jolt\Physics\**\*.cpp" />
    <ClCompile Include="ArkEngine\Vendor\Jolt\Physics\**\*.cpp" />
    <ClCompile Include="ArkEngine\Vendor\Jolt\Physics\**\*.cpp" />
    <ClCompile Include="ArkEngine\Vendor\Jolt\Physics\**\*.cpp" />
    <ClCompile Include="ArkEngine\Vendor\Jolt\Physics\**\*.cpp" />
    <ClCompile Include="ArkEngine\Vendor\Jolt\Physics\**\*.cpp" />
    <ClCompile Include="ArkEngine\Vendor\Jolt\Physics\**\*.cpp" />
    <ClCompile Include="ArkEngine\Vendor\Jolt\Physics\**\*.cpp" />
    <ClCompile Include="ArkEngine\Vendor\Jolt\Physics\**\*.cpp" />
    <ClCompile Include="ArkEngine\Vendor\Jolt\Skeleton\*.cpp" />
    <ClCompile Include="ArkEngine\Vendor\Jolt\Skeleton\*.cpp" />
    <ClCompile Include="ArkEngine\Vendor\Jolt\Skeleton\*.cpp" />
    <ClCompile Include="ArkEngine\Vendor\Jolt\TriangleSplitter\*.cpp" />
    <ClCompile Include="ArkEngine\Vendor\Jolt\TriangleSplitter\*.cpp" />
    <ClCompile Include="ArkEngine\Vendor\Jolt\Core\*.cpp" />
    <ClCompile Include="ArkEngine\Vendor\Jolt\Core\*.cpp" />
    <ClCompile Include="ArkEngine\Vendor\Jolt\Core\*.cpp" />
    <ClCompile Include="ArkEngine\Vendor\Jolt\Core\*.cpp" />
    <ClCompile Include="ArkEngine\Vendor\Jolt\Core\*.cpp" />
    <ClCompile Include="ArkEngine\Vendor\Jolt\Core\*.cpp" />
    <ClCompile Include="ArkEngine\Vendor\Jolt\Core\*.cpp" />
    <ClCompile Include="ArkEngine\Vendor\Jolt\Core\*.cpp" />
    <ClCompile Include="ArkEngine\Vendor\Jolt\Core\*.cpp" />
    <ClCompile Include="ArkEngine\Vendor\Jolt\Core\*.cpp" />
    <ClCompile Include="ArkEngine\Vendor\Jolt\Core\*.cpp" />
    <ClCompile Include="ArkEngine\Vendor\Jolt\Core\*.cpp" />
    <ClCompile Include="ArkEngine\Vendor\Jolt\Geometry\*.cpp" />
    <ClCompile Include="ArkEngine\Vendor\Jolt\Geometry\*.cpp" />
    <ClCompile Include="ArkEngine\Vendor\Jolt\Geometry\*.cpp" />
    <ClCompile Include="ArkEngine\Vendor\Jolt\ObjectStream\*.cpp" />
    <ClCompile Include="ArkEngine\Vendor\Jolt\ObjectStream\*.cpp" />
    <ClCompile Include="ArkEngine\Vendor\Jolt\ObjectStream\*.cpp" />
    <ClCompile Include="ArkEngine\Vendor\Jolt\ObjectStream\*.cpp" />
    <ClCompile Include="ArkEngine\Vendor\Jolt\ObjectStream\*.cpp" />
    <ClCompile Include="ArkEngine\Vendor\Jolt\ObjectStream\*.cpp" />
    <ClCompile Include="ArkEngine\Vendor\Jolt\ObjectStream\*.cpp" />
    <ClCompile Include="ArkEngine\Vendor\Jolt\ObjectStream\*.cpp" />
    <ClCompile Include="ArkEngine\Vendor\Jolt\Physics\**\*.cpp" />
    <ClCompile Include="ArkEngine\Vendor\Jolt\Physics\**\*.cpp" />
    <ClCompile Include="ArkEngine\Vendor\Jolt\Physics\**\*.cpp" />
    <ClCompile Include="ArkEngine\Vendor\Jolt\Physics\**\*.cpp" />
    <ClCompile Include="ArkEngine\Vendor\Jolt\Physics\**\*.cpp" />
    <ClCompile Include="ArkEngine\Vendor\Jolt\Physics\**\*.cpp" />
    <ClCompile Include="ArkEngine\Vendor\Jolt\Physics\**\*.cpp" />
    <ClCompile Include="ArkEngine\Vendor\Jolt\Physics\**\*.cpp" />
    <ClCompile Include="ArkEngine\Vendor\Jolt\Physics\**\*.cpp" />
    <ClCompile Include="ArkEngine\Vendor\Jolt\Physics\**\*.cpp" />
    <ClCompile Include="ArkEngine\Vendor\Jolt\Physics\**\*.cpp" />
    <ClCompile Include="ArkEngine\Vendor\Jolt\Physics\**\*.cpp" />
    <ClCompile Include="ArkEngine\Vendor\Jolt\Physics\**\*.cpp" />
    <ClCompile Include="ArkEngine\Vendor\Jolt\Physics\**\*.cpp" />
    <ClCompile Include="ArkEngine\Vendor\Jolt\Physics\**\*.cpp" />
    <ClCompile Include="ArkEngine\Vendor\Jolt\Physics\**\*.cpp" />
    <ClCompile Include="ArkEngine\Vendor\Jolt\Physics\**\*.cpp" />
    <ClCompile Include="ArkEngine\Vendor\Jolt\Physics\**\*.cpp" />
    <ClCompile Include="ArkEngine\Vendor\Jolt\Physics\**\*.cpp" />
    <ClCompile Include="ArkEngine\Vendor\Jolt\Physics\**\*.cpp" />
    <ClCompile Include="ArkEngine\Vendor\Jolt\Physics\**\*.cpp" />
    <ClCompile Include="ArkEngine\Vendor\Jolt\Physics\**\*.cpp" />
    <ClCompile Include="ArkEngine\Vendor\Jolt\Physics\**\*.cpp" />
    <ClCompile Include="ArkEngine\Vendor\Jolt\Physics\**\*.cpp" />
    <ClCompile Include="ArkEngine\Vendor\Jolt\Physics\**\*.cpp" />
    <ClCompile Include="ArkEngine\Vendor\Jolt\Physics\**\*.cpp" />
    <ClCompile Include="ArkEngine\Vendor\Jolt\Physics\**\*.cpp" />
    <ClCompile Include="ArkEngine\Vendor\Jolt\Physics\**\*.cpp" />
    <ClCompile Include="ArkEngine\Vendor\Jolt\Physics\**\*.cpp" />
    <ClCompile Include="ArkEngine\Vendor\Jolt\Physics\**\*.cpp" />
    <ClCompile Include="ArkEngine\Vendor\Jolt\Physics\**\*.cpp" />
    <ClCompile Include="ArkEngine\Vendor\Jolt\Physics\**\*.cpp" />
    <ClCompile Include="ArkEngine\Vendor\Jolt\Physics\**\*.cpp" />
    <ClCompile Include="ArkEngine\Vendor\Jolt\Physics\**\*.cpp" />
    <ClCompile Include="ArkEngine\Vendor\Jolt\Physics\**\*.cpp" />
    <ClCompile Include="ArkEngine\Vendor\Jolt\Physics\**\*.cpp" />
    <ClCompile Include="ArkEngine\Vendor\Jolt\Physics\**\*.cpp" />
    <ClCompile Include="ArkEngine\Vendor\Jolt\Physics\**\*.cpp" />
    <ClCompile Include="ArkEngine\Vendor\Jolt\Physics\**\*.cpp" />
    <ClCompile Include="ArkEngine\Vendor\Jolt\Physics\**\*.cpp" />
    <ClCompile Include="ArkEngine\Vendor\Jolt\Physics\**\*.cpp" />
    <ClCompile Include="ArkEngine\Vendor\Jolt\Physics\**\*.cpp" />
    <ClCompile Include="ArkEngine\Vendor\Jolt\Physics\**\*.cpp" />
    <ClCompile Include="ArkEngine\Vendor\Jolt\Physics\**\*.cpp" />
    <ClCompile Include="ArkEngine\Vendor\Jolt\Physics\**\*.cpp" />
    <ClCompile Include="ArkEngine\Vendor\Jolt\Physics\**\*.cpp" />
    <ClCompile Include="ArkEngine\Vendor\Jolt\Physics\**\*.cpp" />
    <ClCompile Include="ArkEngine\Vendor\Jolt\Physics\**\*.cpp" />
    <ClCompile Include="ArkEngine\Vendor\Jolt\Physics\**\*.cpp" />
    <ClCompile Include="ArkEngine\Vendor\Jolt\Physics\**\*.cpp" />
    <ClCompile Include="ArkEngine\Vendor\Jolt\Physics\**\*.cpp" />
    <ClCompile Include="ArkEngine\Vendor\Jolt\Physics\**\*.cpp" />
    <ClCompile Include="ArkEngine\Vendor\Jolt\Physics\**\*.cpp" />
    <ClCompile Include="ArkEngine\Vendor\Jolt\Physics\**\*.cpp" />
    <ClCompile Include="ArkEngine\Vendor\Jolt\Physics\**\*.cpp" />
    <ClCompile Include="ArkEngine\Vendor\Jolt\Physics\**\*.cpp" />
    <ClCompile Include="ArkEngine\Vendor\Jolt\Physics\**\*.cpp" />
    <ClCompile Include="ArkEngine\Vendor\Jolt\Physics\**\*.cpp" />
    <ClCompile Include="ArkEngine\Vendor\Jolt\Physics\**\*.cpp" />
    <ClCompile Include="ArkEngine\Vendor\Jolt\Physics\**\*.cpp" />
    <ClCompile Include="ArkEngine\Vendor\Jolt\Physics\**\*.cpp" />
    <ClCompile Include="ArkEngine\Vendor\Jolt\Physics\**\*.cpp" />
    <ClCompile Include="ArkEngine\Vendor\Jolt\Physics\**\*.cpp" />
    <ClCompile Include="ArkEngine\Vendor\Jolt\Physics\**\*.cpp" />
    <ClCompile Include="ArkEngine\Vendor\Jolt\Physics\**\*.cpp" />
    <ClCompile Include="ArkEngine\Vendor\Jolt\Physics\**\*.cpp" />
    <ClCompile Include="ArkEngine\Vendor\Jolt\Physics\**\*.cpp" />
    <ClCompile Include="ArkEngine\Vendor\Jolt\Physics\**\*.cpp" />
    <ClCompile Include="ArkEngine\Vendor\Jolt\Physics\**\*.cpp" />
    <ClCompile Include="ArkEngine\Vendor\Jolt\Physics\**\*.cpp" />
    <ClCompile Include="ArkEngine\Vendor\Jolt\Physics\**\*.cpp" />
    <ClCompile Include="ArkEngine\Vendor\Jolt\Physics\**\*.cpp" />
    <ClCompile Include="ArkEngine\Vendor\Jolt\Physics\**\*.cpp" />
    <ClCompile Include="ArkEngine\Vendor\Jolt\Physics\**\*.cpp" />
    <ClCompile Include="ArkEngine\Vendor\Jolt\Physics\**\*.cpp" />
    <ClCompile Include="ArkEngine\Vendor\Jolt\Physics\**\*.cpp" />
    <ClCompile Include="ArkEngine\Vendor\Jolt\Physics\**\*.cpp" />
    <ClCompile Include="ArkEngine\Vendor\Jolt\Physics\**\*.cpp" />
    <ClCompile Include="ArkEngine\Vendor\Jolt\Physics\**\*.cpp" />
    <ClCompile Include="ArkEngine\Vendor\Jolt\Physics\**\*.cpp" />
    <ClCompile Include="ArkEngine\Vendor\Jolt\Physics\**\*.cpp" />
    <ClCompile Include="ArkEngine\Vendor\Jolt\Physics\**\*.cpp" />
    <ClCompile Include="ArkEngine\Vendor\Jolt\Physics\**\*.cpp" />
    <ClCompile Include="ArkEngine\Vendor\Jolt\Physics\**\*.cpp" />
    <ClCompile Include="ArkEngine\Vendor\Jolt\Physics\**\*.cpp" />
    <ClCompile Include="ArkEngine\Vendor\Jolt\Physics\**\*.cpp" />
    <ClCompile Include="ArkEngine\Vendor\Jolt\Physics\**\*.cpp" />
    <ClCompile Include="ArkEngine\Vendor\Jolt\Physics\**\*.cpp" />
    <ClCompile Include="ArkEngine\Vendor\Jolt\Physics\**\*.cpp" />
    <ClCompile Include="ArkEngine\Vendor\Jolt\Physics\**\*.cpp" />
    <ClCompile Include="ArkEngine\Vendor\Jolt\Physics\**\*.cpp" />
    <ClCompile Include="ArkEngine\Vendor\Jolt\Physics\**\*.cpp" />
    <ClCompile Include="ArkEngine\Vendor\Jolt\Physics\**\*.cpp" />
    <ClCompile Include="ArkEngine\Vendor\Jolt\Physics\**\*.cpp" />
    <ClCompile Include="ArkEngine\Vendor\Jolt\Physics\**\*.cpp" />
    <ClCompile Include="ArkEngine\Vendor\Jolt\Skeleton\*.cpp" />
    <ClCompile Include="ArkEngine\Vendor\Jolt\Skeleton\*.cpp" />
    <ClCompile Include="ArkEngine\Vendor\Jolt\Skeleton\*.cpp" />
    <ClCompile Include="ArkEngine\Vendor\Jolt\TriangleSplitter\*.cpp" />
    <ClCompile Include="ArkEngine\Vendor\Jolt\TriangleSplitter\*.cpp" />
    <ClCompile Include="ArkEngine\Vendor\Jolt\Core\*.cpp" />
    <ClCompile Include="ArkEngine\Vendor\Jolt\Core\*.cpp" />
    <ClCompile Include="ArkEngine\Vendor\Jolt\Core\*.cpp" />
    <ClCompile Include="ArkEngine\Vendor\Jolt\Core\*.cpp" />
    <ClCompile Include="ArkEngine\Vendor\Jolt\Core\*.cpp" />
    <ClCompile Include="ArkEngine\Vendor\Jolt\Core\*.cpp" />
    <ClCompile Include="ArkEngine\Vendor\Jolt\Core\*.cpp" />
    <ClCompile Include="ArkEngine\Vendor\Jolt\Core\*.cpp" />
    <ClCompile Include="ArkEngine\Vendor\Jolt\Core\*.cpp" />
    <ClCompile Include="ArkEngine\Vendor\Jolt\Core\*.cpp" />
    <ClCompile Include="ArkEngine\Vendor\Jolt\Core\*.cpp" />
    <ClCompile Include="ArkEngine\Vendor\Jolt\Core\*.cpp" />
    <ClCompile Include="ArkEngine\Vendor\Jolt\Geometry\*.cpp" />
    <ClCompile Include="ArkEngine\Vendor\Jolt\Geometry\*.cpp" />
    <ClCompile Include="ArkEngine\Vendor\Jolt\Geometry\*.cpp" />
    <ClCompile Include="ArkEngine\Vendor\Jolt\ObjectStream\*.cpp" />
    <ClCompile Include="ArkEngine\Vendor\Jolt\ObjectStream\*.cpp" />
    <ClCompile Include="ArkEngine\Vendor\Jolt\ObjectStream\*.cpp" />
    <ClCompile Include="ArkEngine\Vendor\Jolt\ObjectStream\*.cpp" />
    <ClCompile Include="ArkEngine\Vendor\Jolt\ObjectStream\*.cpp" />
    <ClCompile Include="ArkEngine\Vendor\Jolt\ObjectStream\*.cpp" />
    <ClCompile Include="ArkEngine\Vendor\Jolt\ObjectStream\*.cpp" />
    <ClCompile Include="ArkEngine\Vendor\Jolt\ObjectStream\*.cpp" />
    <ClCompile Include="ArkEngine\Vendor\Jolt\Physics\**\*.cpp" />
    <ClCompile Include="ArkEngine\Vendor\Jolt\Physics\**\*.cpp" />
    <ClCompile Include="ArkEngine\Vendor\Jolt\Physics\**\*.cpp" />
    <ClCompile Include="ArkEngine\Vendor\Jolt\Physics\**\*.cpp" />
    <ClCompile Include="ArkEngine\Vendor\Jolt\Physics\**\*.cpp" />
    <ClCompile Include="ArkEngine\Vendor\Jolt\Physics\**\*.cpp" />
    <ClCompile Include="ArkEngine\Vendor\Jolt\Physics\**\*.cpp" />
    <ClCompile Include="ArkEngine\Vendor\Jolt\Physics\**\*.cpp" />
    <ClCompile Include="ArkEngine\Vendor\Jolt\Physics\**\*.cpp" />
    <ClCompile Include="ArkEngine\Vendor\Jolt\Physics\**\*.cpp" />
    <ClCompile Include="ArkEngine\Vendor\Jolt\Physics\**\*.cpp" />
    <ClCompile Include="ArkEngine\Vendor\Jolt\Physics\**\*.cpp" />
    <ClCompile Include="ArkEngine\Vendor\Jolt\Physics\**\*.cpp" />
    <ClCompile Include="ArkEngine\Vendor\Jolt\Physics\**\*.cpp" />
    <ClCompile Include="ArkEngine\Vendor\Jolt\Physics\**\*.cpp" />
    <ClCompile Include="ArkEngine\Vendor\Jolt\Physics\**\*.cpp" />
    <ClCompile Include="ArkEngine\Vendor\Jolt\Physics\**\*.cpp" />
    <ClCompile Include="ArkEngine\Vendor\Jolt\Physics\**\*.cpp" />
    <ClCompile Include="ArkEngine\Vendor\Jolt\Physics\**\*.cpp" />
    <ClCompile Include="ArkEngine\Vendor\Jolt\Physics\**\*.cpp" />
    <ClCompile Include="ArkEngine\Vendor\Jolt\Physics\**\*.cpp" />
    <ClCompile Include="ArkEngine\Vendor\Jolt\Physics\**\*.cpp" />
    <ClCompile Include="ArkEngine\Vendor\Jolt\Physics\**\*.cpp" />
    <ClCompile Include="ArkEngine\Vendor\Jolt\Physics\**\*.cpp" />
    <ClCompile Include="ArkEngine\Vendor\Jolt\Physics\**\*.cpp" />
    <ClCompile Include="ArkEngine\Vendor\Jolt\Physics\**\*.cpp" />
    <ClCompile Include="ArkEngine\Vendor\Jolt\Physics\**\*.cpp" />
    <ClCompile Include="ArkEngine\Vendor\Jolt\Physics\**\*.cpp" />
    <ClCompile Include="ArkEngine\Vendor\Jolt\Physics\**\*.cpp" />
    <ClCompile Include="ArkEngine\Vendor\Jolt\Physics\**\*.cpp" />
    <ClCompile Include="ArkEngine\Vendor\Jolt\Physics\**\*.cpp" />
    <ClCompile Include="ArkEngine\Vendor\Jolt\Physics\**\*.cpp" />
    <ClCompile Include="ArkEngine\Vendor\Jolt\Physics\**\*.cpp" />
    <ClCompile Include="ArkEngine\Vendor\Jolt\Physics\**\*.cpp" />
    <ClCompile Include="ArkEngine\Vendor\Jolt\Physics\**\*.cpp" />
    <ClCompile Include="ArkEngine\Vendor\Jolt\Physics\**\*.cpp" />
    <ClCompile Include="ArkEngine\Vendor\Jolt\Physics\**\*.cpp" />
    <ClCompile Include="ArkEngine\Vendor\Jolt\Physics\**\*.cpp" />
    <ClCompile Include="ArkEngine\Vendor\Jolt\Physics\**\*.cpp" />
    <ClCompile Include="ArkEngine\Vendor\Jolt\Physics\**\*.cpp" />
    <ClCompile Include="ArkEngine\Vendor\Jolt\Physics\**\*.cpp" />
    <ClCompile Include="ArkEngine\Vendor\Jolt\Physics\**\*.cpp" />
    <ClCompile Include="ArkEngine\Vendor\Jolt\Physics\**\*.cpp" />
    <ClCompile Include="ArkEngine\Vendor\Jolt\Physics\**\*.cpp" />
    <ClCompile Include="ArkEngine\Vendor\Jolt\Physics\**\*.cpp" />
    <ClCompile Include="ArkEngine\Vendor\Jolt\Physics\**\*.cpp" />
    <ClCompile Include="ArkEngine\Vendor\Jolt\Physics\**\*.cpp" />
    <ClCompile Include="ArkEngine\Vendor\Jolt\Physics\**\*.cpp" />
    <ClCompile Include="ArkEngine\Vendor\Jolt\Physics\**\*.cpp" />
    <ClCompile Include="ArkEngine\Vendor\Jolt\Physics\**\*.cpp" />
    <ClCompile Include="ArkEngine\Vendor\Jolt\Physics\**\*.cpp" />
    <ClCompile Include="ArkEngine\Vendor\Jolt\Physics\**\*.cpp" />
    <ClCompile Include="ArkEngine\Vendor\Jolt\Physics\**\*.cpp" />
    <ClCompile Include="ArkEngine\Vendor\Jolt\Physics\**\*.cpp" />
    <ClCompile Include="ArkEngine\Vendor\Jolt\Physics\**\*.cpp" />
    <ClCompile Include="ArkEngine\Vendor\Jolt\Physics\**\*.cpp" />
    <ClCompile Include="ArkEngine\Vendor\Jolt\Physics\**\*.cpp" />
    <ClCompile Include="ArkEngine\Vendor\Jolt\Physics\**\*.cpp" />
    <ClCompile Include="ArkEngine\Vendor\Jolt\Physics\**\*.cpp" />
    <ClCompile Include="ArkEngine\Vendor\Jolt\Physics\**\*.cpp" />
    <ClCompile Include="ArkEngine\Vendor\Jolt\Physics\**\*.cpp" />
    <ClCompile Include="ArkEngine\Vendor\Jolt\Physics\**\*.cpp" />
    <ClCompile Include="ArkEngine\Vendor\Jolt\Physics\**\*.cpp" />
    <ClCompile Include="ArkEngine\Vendor\Jolt\Physics\**\*.cpp" />
    <ClCompile Include="ArkEngine\Vendor\Jolt\Physics\**\*.cpp" />
    <ClCompile Include="ArkEngine\Vendor\Jolt\Physics\**\*.cpp" />
    <ClCompile Include="ArkEngine\Vendor\Jolt\Physics\**\*.cpp" />
    <ClCompile Include="ArkEngine\Vendor\Jolt\Physics\**\*.cpp" />
    <ClCompile Include="ArkEngine\Vendor\Jolt\Physics\**\*.cpp" />
    <ClCompile Include="ArkEngine\Vendor\Jolt\Physics\**\*.cpp" />
    <ClCompile Include="ArkEngine\Vendor\Jolt\Physics\**\*.cpp" />
    <ClCompile Include="ArkEngine\Vendor\Jolt\Physics\**\*.cpp" />
    <ClCompile Include="ArkEngine\Vendor\Jolt\Physics\**\*.cpp" />
    <ClCompile Include="ArkEngine\Vendor\Jolt\Physics\**\*.cpp" />
    <ClCompile Include="ArkEngine\Vendor\Jolt\Physics\**\*.cpp" />
    <ClCompile Include="ArkEngine\Vendor\Jolt\Physics\**\*.cpp" />
    <ClCompile Include="ArkEngine\Vendor\Jolt\Physics\**\*.cpp" />
    <ClCompile Include="ArkEngine\Vendor\Jolt\Physics\**\*.cpp" />
    <ClCompile Include="ArkEngine\Vendor\Jolt\Physics\**\*.cpp" />
    <ClCompile Include="ArkEngine\Vendor\Jolt\Physics\**\*.cpp" />
    <ClCompile Include="ArkEngine\Vendor\Jolt\Physics\**\*.cpp" />
    <ClCompile Include="ArkEngine\Vendor\Jolt\Physics\**\*.cpp" />
    <ClCompile Include="ArkEngine\Vendor\Jolt\Physics\**\*.cpp" />
    <ClCompile Include="ArkEngine\Vendor\Jolt\Physics\**\*.cpp" />
    <ClCompile Include="ArkEngine\Vendor\Jolt\Physics\**\*.cpp" />
    <ClCompile Include="ArkEngine\Vendor\Jolt\Physics\**\*.cpp" />
    <ClCompile Include="ArkEngine\Vendor\Jolt\Physics\**\*.cpp" />
    <ClCompile Include="ArkEngine\Vendor\Jolt\Physics\**\*.cpp" />
    <ClCompile Include="ArkEngine\Vendor\Jolt\Physics\**\*.cpp" />
    <ClCompile Include="ArkEngine\Vendor\Jolt\Physics\**\*.cpp" />
    <ClCompile Include="ArkEngine\Vendor\Jolt\Physics\**\*.cpp" />
    <ClCompile Include="ArkEngine\Vendor\Jolt\Physics\**\*.cpp" />
    <ClCompile Include="ArkEngine\Vendor\Jolt\Physics\**\*.cpp" />
    <ClCompile Include="ArkEngine\Vendor\Jolt\Physics\**\*.cpp" />
    <ClCompile Include="ArkEngine\Vendor\Jolt\Physics\**\*.cpp" />
    <ClCompile Include="ArkEngine\Vendor\Jolt\Skeleton\*.cpp" />
    <ClCompile Include="ArkEngine\Vendor\Jolt\Skeleton\*.cpp" />
    <ClCompile Include="ArkEngine\Vendor\Jolt\Skeleton\*.cpp" />
    <ClCompile Include="ArkEngine\Vendor\Jolt\TriangleSplitter\*.cpp" />
    <ClCompile Include="ArkEngine\Vendor\Jolt\TriangleSplitter\*.cpp" />
    <ClCompile Include="ArkEngine\src\Rework\Ark_glfw.cpp" />
    <ClCompile Include="ArkEngine\src\Rework\Ark_glm_camera.cpp" />
    <ClCompile Include="ArkEngine\src\Rework\Ark_basic_glfw_camera.cpp" />
    <ClCompile Include="ArkEngine\src\Rework\Ark_basic_mesh.cpp" />
    <ClCompile Include="ArkEngine\src\Rework\Ark_world_transform.cpp" />
    <ClCompile Include="ArkEngine\src\Rework\Ark_Util.cpp" />
    <ClCompile Include="ArkEngine\src\Rework\Ark_texture.cpp" />
    <ClCompile Include="ArkEngine\src\Rework\Ark_skinned_mesh.cpp" />
    <ClCompile Include="ArkEngine\src\Rework\Ark_phong_renderer.cpp" />
    <ClCompile Include="ArkEngine\src\Rework\Ark_glfw_camera_handler.cpp" />
    <ClCompile Include="ArkEngine\src\Rework\Ark_new_lighting.cpp" />
    <ClCompile Include="ArkEngine\src\Rework\Ark_shadow_mapping_technique.cpp" />
    <ClCompile Include="ArkEngine\src\Rework\Ark_skinning_technique.cpp" />
    <ClCompile Include="ArkEngine\src\Rework\technique.cpp" />
    <ClCompile Include="ArkEngine\Vendor\Jolt\Core\*.cpp" />
    <ClCompile Include="ArkEngine\Vendor\Jolt\Core\*.cpp" />
    <ClCompile Include="ArkEngine\Vendor\Jolt\Core\*.cpp" />
    <ClCompile Include="ArkEngine\Vendor\Jolt\Core\*.cpp" />
    <ClCompile Include="ArkEngine\Vendor\Jolt\Core\*.cpp" />
    <ClCompile Include="ArkEngine\Vendor\Jolt\Core\*.cpp" />
    <ClCompile Include="ArkEngine\Vendor\Jolt\Core\*.cpp" />
    <ClCompile Include="ArkEngine\Vendor\Jolt\Core\*.cpp" />
    <ClCompile Include="ArkEngine\Vendor\Jolt\Core\*.cpp" />
    <ClCompile Include="ArkEngine\Vendor\Jolt\Core\*.cpp" />
    <ClCompile Include="ArkEngine\Vendor\Jolt\Core\*.cpp" />
    <ClCompile Include="ArkEngine\Vendor\Jolt\Core\*.cpp" />
    <ClCompile Include="ArkEngine\Vendor\Jolt\Geometry\*.cpp" />
    <ClCompile Include="ArkEngine\Vendor\Jolt\Geometry\*.cpp" />
    <ClCompile Include="ArkEngine\Vendor\Jolt\Geometry\*.cpp" />
    <ClCompile Include="ArkEngine\Vendor\Jolt\ObjectStream\*.cpp" />
    <ClCompile Include="ArkEngine\Vendor\Jolt\ObjectStream\*.cpp" />
    <ClCompile Include="ArkEngine\Vendor\Jolt\ObjectStream\*.cpp" />
    <ClCompile Include="ArkEngine\Vendor\Jolt\ObjectStream\*.cpp" />
    <ClCompile Include="ArkEngine\Vendor\Jolt\ObjectStream\*.cpp" />
    <ClCompile Include="ArkEngine\Vendor\Jolt\ObjectStream\*.cpp" />
    <ClCompile Include="ArkEngine\Vendor\Jolt\ObjectStream\*.cpp" />
    <ClCompile Include="ArkEngine\Vendor\Jolt\ObjectStream\*.cpp" />
    <ClCompile Include="ArkEngine\Vendor\Jolt\Physics\**\*.cpp" />
    <ClCompile Include="ArkEngine\Vendor\Jolt\Physics\**\*.cpp" />
    <ClCompile Include="ArkEngine\Vendor\Jolt\Physics\**\*.cpp" />
    <ClCompile Include="ArkEngine\Vendor\Jolt\Physics\**\*.cpp" />
    <ClCompile Include="ArkEngine\Vendor\Jolt\Physics\**\*.cpp" />
    <ClCompile Include="ArkEngine\Vendor\Jolt\Physics\**\*.cpp" />
    <ClCompile Include="ArkEngine\Vendor\Jolt\Physics\**\*.cpp" />
    <ClCompile Include="ArkEngine\Vendor\Jolt\Physics\**\*.cpp" />
    <ClCompile Include="ArkEngine\Vendor\Jolt\Physics\**\*.cpp" />
    <ClCompile Include="ArkEngine\Vendor\Jolt\Physics\**\*.cpp" />
    <ClCompile Include="ArkEngine\Vendor\Jolt\Physics\**\*.cpp" />
    <ClCompile Include="ArkEngine\Vendor\Jolt\Physics\**\*.cpp" />
    <ClCompile Include="ArkEngine\Vendor\Jolt\Physics\**\*.cpp" />
    <ClCompile Include="ArkEngine\Vendor\Jolt\Physics\**\*.cpp" />
    <ClCompile Include="ArkEngine\Vendor\Jolt\Physics\**\*.cpp" />
    <ClCompile Include="ArkEngine\Vendor\Jolt\Physics\**\*.cpp" />
    <ClCompile Include="ArkEngine\Vendor\Jolt\Physics\**\*.cpp" />
    <ClCompile Include="ArkEngine\Vendor\Jolt\Physics\**\*.cpp" />
    <ClCompile Include="ArkEngine\Vendor\Jolt\Physics\**\*.cpp" />
    <ClCompile Include="ArkEngine\Vendor\Jolt\Physics\**\*.cpp" />
    <ClCompile Include="ArkEngine\Vendor\Jolt\Physics\**\*.cpp" />
    <ClCompile Include="ArkEngine\Vendor\Jolt\Physics\**\*.cpp" />
    <ClCompile Include="ArkEngine\Vendor\Jolt\Physics\**\*.cpp" />
    <ClCompile Include="ArkEngine\Vendor\Jolt\Physics\**\*.cpp" />
    <ClCompile Include="ArkEngine\Vendor\Jolt\Physics\**\*.cpp" />
    <ClCompile Include="ArkEngine\Vendor\Jolt\Physics\**\*.cpp" />
    <ClCompile Include="ArkEngine\Vendor\Jolt\Physics\**\*.cpp" />
    <ClCompile Include="ArkEngine\Vendor\Jolt\Physics\**\*.cpp" />
    <ClCompile Include="ArkEngine\Vendor\Jolt\Physics\**\*.cpp" />
    <ClCompile Include="ArkEngine\Vendor\Jolt\Physics\**\*.cpp" />
    <ClCompile Include="ArkEngine\Vendor\Jolt\Physics\**\*.cpp" />
    <ClCompile Include="ArkEngine\Vendor\Jolt\Physics\**\*.cpp" />
    <ClCompile Include="ArkEngine\Vendor\Jolt\Physics\**\*.cpp" />
    <ClCompile Include="ArkEngine\Vendor\Jolt\Physics\**\*.cpp" />
    <ClCompile Include="ArkEngine\Vendor\Jolt\Physics\**\*.cpp" />
    <ClCompile Include="ArkEngine\Vendor\Jolt\Physics\**\*.cpp" />
    <ClCompile Include="ArkEngine\Vendor\Jolt\Physics\**\*.cpp" />
    <ClCompile Include="ArkEngine\Vendor\Jolt\Physics\**\*.cpp" />
    <ClCompile Include="ArkEngine\Vendor\Jolt\Physics\**\*.cpp" />
    <ClCompile Include="ArkEngine\Vendor\Jolt\Physics\**\*.cpp" />
    <ClCompile Include="ArkEngine\Vendor\Jolt\Physics\**\*.cpp" />
    <ClCompile Include="ArkEngine\Vendor\Jolt\Physics\**\*.cpp" />
    <ClCompile Include="ArkEngine\Vendor\Jolt\Physics\**\*.cpp" />
    <ClCompile Include="ArkEngine\Vendor\Jolt\Physics\**\*.cpp" />
    <ClCompile Include="ArkEngine\Vendor\Jolt\Physics\**\*.cpp" />
    <ClCompile Include="ArkEngine\Vendor\Jolt\Physics\**\*.cpp" />
    <ClCompile Include="ArkEngine\Vendor\Jolt\Physics\**\*.cpp" />
    <ClCompile Include="ArkEngine\Vendor\Jolt\Physics\**\*.cpp" />
    <ClCompile Include="ArkEngine\Vendor\Jolt\Physics\**\*.cpp" />
    <ClCompile Include="ArkEngine\Vendor\Jolt\Physics\**\*.cpp" />
    <ClCompile Include="ArkEngine\Vendor\Jolt\Physics\**\*.cpp" />
    <ClCompile Include="ArkEngine\Vendor\Jolt\Physics\**\*.cpp" />
    <ClCompile Include="ArkEngine\Vendor\Jolt\Physics\**\*.cpp" />
    <ClCompile Include="ArkEngine\Vendor\Jolt\Physics\**\*.cpp" />
    <ClCompile Include="ArkEngine\Vendor\Jolt\Physics\**\*.cpp" />
    <ClCompile Include="ArkEngine\Vendor\Jolt\Physics\**\*.cpp" />
    <ClCompile Include="ArkEngine\Vendor\Jolt\Physics\**\*.cpp" />
    <ClCompile Include="ArkEngine\Vendor\Jolt\Physics\**\*.cpp" />
    <ClCompile Include="ArkEngine\Vendor\Jolt\Physics\**\*.cpp" />
    <ClCompile Include="ArkEngine\Vendor\Jolt\Physics\**\*.cpp" />
    <ClCompile Include="ArkEngine\Vendor\Jolt\Physics\**\*.cpp" />
    <ClCompile Include="ArkEngine\Vendor\Jolt\Physics\**\*.cpp" />
    <ClCompile Include="ArkEngine\Vendor\Jolt\Physics\**\*.cpp" />
    <ClCompile Include="ArkEngine\Vendor\Jolt\Physics\**\*.cpp" />
    <ClCompile Include="ArkEngine\Vendor\Jolt\Physics\**\*.cpp" />
    <ClCompile Include="ArkEngine\Vendor\Jolt\Physics\**\*.cpp" />
    <ClCompile Include="ArkEngine\Vendor\Jolt\Physics\**\*.cpp" />
    <ClCompile Include="ArkEngine\Vendor\Jolt\Physics\**\*.cpp" />
    <ClCompile Include="ArkEngine\Vendor\Jolt\Physics\**\*.cpp" />
    <ClCompile Include="ArkEngine\Vendor\Jolt\Physics\**\*.cpp" />
    <ClCompile Include="ArkEngine\Vendor\Jolt\Physics\**\*.cpp" />
    <ClCompile Include="ArkEngine\Vendor\Jolt\Physics\**\*.cpp" />
    <ClCompile Include="ArkEngine\Vendor\Jolt\Physics\**\*.cpp" />
    <ClCompile Include="ArkEngine\Vendor\Jolt\Physics\**\*.cpp" />
    <ClCompile Include="ArkEngine\Vendor\Jolt\Physics\**\*.cpp" />
    <ClCompile Include="ArkEngine\Vendor\Jolt\Physics\**\*.cpp" />
    <ClCompile Include="ArkEngine\Vendor\Jolt\Physics\**\*.cpp" />
    <ClCompile Include="ArkEngine\Vendor\Jolt\Physics\**\*.cpp" />
    <ClCompile Include="ArkEngine\Vendor\Jolt\Physics\**\*.cpp" />
    <ClCompile Include="ArkEngine\Vendor\Jolt\Physics\**\*.cpp" />
    <ClCompile Include="ArkEngine\Vendor\Jolt\Physics\**\*.cpp" />
    <ClCompile Include="ArkEngine\Vendor\Jolt\Physics\**\*.cpp" />
    <ClCompile Include="ArkEngine\Vendor\Jolt\Physics\**\*.cpp" />
    <ClCompile Include="ArkEngine\Vendor\Jolt\Physics\**\*.cpp" />
    <ClCompile Include="ArkEngine\Vendor\Jolt\Physics\**\*.cpp" />
    <ClCompile Include="ArkEngine\Vendor\Jolt\Physics\**\*.cpp" />
    <ClCompile Include="ArkEngine\Vendor\Jolt\Physics\**\*.cpp" />
    <ClCompile Include="ArkEngine\Vendor\Jolt\Physics\**\*.cpp" />
    <ClCompile Include="ArkEngine\Vendor\Jolt\Physics\**\*.cpp" />
    <ClCompile Include="ArkEngine\Vendor\Jolt\Physics\**\*.cpp" />
    <ClCompile Include="ArkEngine\Vendor\Jolt\Physics\**\*.cpp" />
    <ClCompile Include="ArkEngine\Vendor\Jolt\Physics\**\*.cpp" />
    <ClCompile Include="ArkEngine\Vendor\Jolt\Physics\**\*.cpp" />
    <ClCompile Include="ArkEngine\Vendor\Jolt\Physics\**\*.cpp" />
    <ClCompile Include="ArkEngine\Vendor\Jolt\Physics\**\*.cpp" />
    <ClCompile Include="ArkEngine\Vendor\Jolt\Skeleton\*.cpp" />
    <ClCompile Include="ArkEngine\Vendor\Jolt\Skeleton\*.cpp" />
    <ClCompile Include="ArkEngine\Vendor\Jolt\Skeleton\*.cpp" />
    <ClCompile Include="ArkEngine\Vendor\Jolt\TriangleSplitter\*.cpp" />
    <ClCompile Include="ArkEngine\Vendor\Jolt\TriangleSplitter\*.cpp" />
    <ClCompile Include="ArkEngine\src\glad\glad.c" />
    <ClCompile Include="ArkEngine\src\Math\3DMath_util.cpp" />
    <ClCompile Include="ArkEngine\src\Rework\Ark_stb_image.cpp" />
    <ClCompile Include="..\lib\include\stb_image\stb_image.cpp" />
    <ClCompile Include="ArkEngine\Vendor\Jolt\Core\*.cpp" />
    <ClCompile Include="ArkEngine\Vendor\Jolt\Core\*.cpp" />
    <ClCompile Include="ArkEngine\Vendor\Jolt\Core\*.cpp" />
    <ClCompile Include="ArkEngine\Vendor\Jolt\Core\*.cpp" />
    <ClCompile Include="ArkEngine\Vendor\Jolt\Core\*.cpp" />
    <ClCompile Include="ArkEngine\Vendor\Jolt\Core\*.cpp" />
    <ClCompile Include="ArkEngine\Vendor\Jolt\Core\*.cpp" />
    <ClCompile Include="ArkEngine\Vendor\Jolt\Core\*.cpp" />
    <ClCompile Include="ArkEngine\Vendor\Jolt\Core\*.cpp" />
    <ClCompile Include="ArkEngine\Vendor\Jolt\Core\*.cpp" />
    <ClCompile Include="ArkEngine\Vendor\Jolt\Core\*.cpp" />
    <ClCompile Include="ArkEngine\Vendor\Jolt\Core\*.cpp" />
    <ClCompile Include="ArkEngine\Vendor\Jolt\Geometry\*.cpp" />
    <ClCompile Include="ArkEngine\Vendor\Jolt\Geometry\*.cpp" />
    <ClCompile Include="ArkEngine\Vendor\Jolt\Geometry\*.cpp" />
    <ClCompile Include="ArkEngine\Vendor\Jolt\ObjectStream\*.cpp" />
    <ClCompile Include="ArkEngine\Vendor\Jolt\ObjectStream\*.cpp" />
    <ClCompile Include="ArkEngine\Vendor\Jolt\ObjectStream\*.cpp" />
    <ClCompile Include="ArkEngine\Vendor\Jolt\ObjectStream\*.cpp" />
    <ClCompile Include="ArkEngine\Vendor\Jolt\ObjectStream\*.cpp" />
    <ClCompile Include="ArkEngine\Vendor\Jolt\ObjectStream\*.cpp" />
    <ClCompile Include="ArkEngine\Vendor\Jolt\ObjectStream\*.cpp" />
    <ClCompile Include="ArkEngine\Vendor\Jolt\ObjectStream\*.cpp" />
    <ClCompile Include="ArkEngine\Vendor\Jolt\Physics\**\*.cpp" />
    <ClCompile Include="ArkEngine\Vendor\Jolt\Physics\**\*.cpp" />
    <ClCompile Include="ArkEngine\Vendor\Jolt\Physics\**\*.cpp" />
    <ClCompile Include="ArkEngine\Vendor\Jolt\Physics\**\*.cpp" />
    <ClCompile Include="ArkEngine\Vendor\Jolt\Physics\**\*.cpp" />
    <ClCompile Include="ArkEngine\Vendor\Jolt\Physics\**\*.cpp" />
    <ClCompile Include="ArkEngine\Vendor\Jolt\Physics\**\*.cpp" />
    <ClCompile Include="ArkEngine\Vendor\Jolt\Physics\**\*.cpp" />
    <ClCompile Include="ArkEngine\Vendor\Jolt\Physics\**\*.cpp" />
    <ClCompile Include="ArkEngine\Vendor\Jolt\Physics\**\*.cpp" />
    <ClCompile Include="ArkEngine\Vendor\Jolt\Physics\**\*.cpp" />
    <ClCompile Include="ArkEngine\Vendor\Jolt\Physics\**\*.cpp" />
    <ClCompile Include="ArkEngine\Vendor\Jolt\Physics\**\*.cpp" />
    <ClCompile Include="ArkEngine\Vendor\Jolt\Physics\**\*.cpp" />
    <ClCompile Include="ArkEngine\Vendor\Jolt\Physics\**\*.cpp" />
    <ClCompile Include="ArkEngine\Vendor\Jolt\Physics\**\*.cpp" />
    <ClCompile Include="ArkEngine\Vendor\Jolt\Physics\**\*.cpp" />
    <ClCompile Include="ArkEngine\Vendor\Jolt\Physics\**\*.cpp" />
    <ClCompile Include="ArkEngine\Vendor\Jolt\Physics\**\*.cpp" />
    <ClCompile Include="ArkEngine\Vendor\Jolt\Physics\**\*.cpp" />
    <ClCompile Include="ArkEngine\Vendor\Jolt\Physics\**\*.cpp" />
    <ClCompile Include="ArkEngine\Vendor\Jolt\Physics\**\*.cpp" />
    <ClCompile Include="ArkEngine\Vendor\Jolt\Physics\**\*.cpp" />
    <ClCompile Include="ArkEngine\Vendor\Jolt\Physics\**\*.cpp" />
    <ClCompile Include="ArkEngine\Vendor\Jolt\Physics\**\*.cpp" />
    <ClCompile Include="ArkEngine\Vendor\Jolt\Physics\**\*.cpp" />
    <ClCompile Include="ArkEngine\Vendor\Jolt\Physics\**\*.cpp" />
    <ClCompile Include="ArkEngine\Vendor\Jolt\Physics\**\*.cpp" />
    <ClCompile Include="ArkEngine\Vendor\Jolt\Physics\**\*.cpp" />
    <ClCompile Include="ArkEngine\Vendor\Jolt\Physics\**\*.cpp" />
    <ClCompile Include="ArkEngine\Vendor\Jolt\Physics\**\*.cpp" />
    <ClCompile Include="ArkEngine\Vendor\Jolt\Physics\**\*.cpp" />
    <ClCompile Include="ArkEngine\Vendor\Jolt\Physics\**\*.cpp" />
    <ClCompile Include="ArkEngine\Vendor\Jolt\Physics\**\*.cpp" />
    <ClCompile Include="ArkEngine\Vendor\Jolt\Physics\**\*.cpp" />
    <ClCompile Include="ArkEngine\Vendor\Jolt\Physics\**\*.cpp" />
    <ClCompile Include="ArkEngine\Vendor\Jolt\Physics\**\*.cpp" />
    <ClCompile Include="ArkEngine\Vendor\Jolt\Physics\**\*.cpp" />
    <ClCompile Include="ArkEngine\Vendor\Jolt\Physics\**\*.cpp" />
    <ClCompile Include="ArkEngine\Vendor\Jolt\Physics\**\*.cpp" />
    <ClCompile Include="ArkEngine\Vendor\Jolt\Physics\**\*.cpp" />
    <ClCompile Include="ArkEngine\Vendor\Jolt\Physics\**\*.cpp" />
    <ClCompile Include="ArkEngine\Vendor\Jolt\Physics\**\*.cpp" />
    <ClCompile Include="ArkEngine\Vendor\Jolt\Physics\**\*.cpp" />
    <ClCompile Include="ArkEngine\Vendor\Jolt\Physics\**\*.cpp" />
    <ClCompile Include="ArkEngine\Vendor\Jolt\Physics\**\*.cpp" />
    <ClCompile Include="ArkEngine\Vendor\Jolt\Physics\**\*.cpp" />
    <ClCompile Include="ArkEngine\Vendor\Jolt\Physics\**\*.cpp" />
    <ClCompile Include="ArkEngine\Vendor\Jolt\Physics\**\*.cpp" />
    <ClCompile Include="ArkEngine\Vendor\Jolt\Physics\**\*.cpp" />
    <ClCompile Include="ArkEngine\Vendor\Jolt\Physics\**\*.cpp" />
    <ClCompile Include="ArkEngine\Vendor\Jolt\Physics\**\*.cpp" />
    <ClCompile Include="ArkEngine\Vendor\Jolt\Physics\**\*.cpp" />
    <ClCompile Include="ArkEngine\Vendor\Jolt\Physics\**\*.cpp" />
    <ClCompile Include="ArkEngine\Vendor\Jolt\Physics\**\*.cpp" />
    <ClCompile Include="ArkEngine\Vendor\Jolt\Physics\**\*.cpp" />
    <ClCompile Include="ArkEngine\Vendor\Jolt\Physics\**\*.cpp" />
    <ClCompile Include="ArkEngine\Vendor\Jolt\Physics\**\*.cpp" />
    <ClCompile Include="ArkEngine\Vendor\Jolt\Physics\**\*.cpp" />
    <ClCompile Include="ArkEngine\Vendor\Jolt\Physics\**\*.cpp" />
    <ClCompile Include="ArkEngine\Vendor\Jolt\Physics\**\*.cpp" />
    <ClCompile Include="ArkEngine\Vendor\Jolt\Physics\**\*.cpp" />
    <ClCompile Include="ArkEngine\Vendor\Jolt\Physics\**\*.cpp" />
    <ClCompile Include="ArkEngine\Vendor\Jolt\Physics\**\*.cpp" />
    <ClCompile Include="ArkEngine\Vendor\Jolt\Physics\**\*.cpp" />
    <ClCompile Include="ArkEngine\Vendor\Jolt\Physics\**\*.cpp" />
    <ClCompile Include="ArkEngine\Vendor\Jolt\Physics\**\*.cpp" />
    <ClCompile Include="ArkEngine\Vendor\Jolt\Physics\**\*.cpp" />
    <ClCompile Include="ArkEngine\Vendor\Jolt\Physics\**\*.cpp" />
    <ClCompile Include="ArkEngine\Vendor\Jolt\Physics\**\*.cpp" />
    <ClCompile Include="ArkEngine\Vendor\Jolt\Physics\**\*.cpp" />
    <ClCompile Include="ArkEngine\Vendor\Jolt\Physics\**\*.cpp" />
    <ClCompile Include="ArkEngine\Vendor\Jolt\Physics\**\*.cpp" />
    <ClCompile Include="ArkEngine\Vendor\Jolt\Physics\**\*.cpp" />
    <ClCompile Include="ArkEngine\Vendor\Jolt\Physics\**\*.cpp" />
    <ClCompile Include="ArkEngine\Vendor\Jolt\Physics\**\*.cpp" />
    <ClCompile Include="ArkEngine\Vendor\Jolt\Physics\**\*.cpp" />
    <ClCompile Include="ArkEngine\Vendor\Jolt\Physics\**\*.cpp" />
    <ClCompile Include="ArkEngine\Vendor\Jolt\Physics\**\*.cpp" />
    <ClCompile Include="ArkEngine\Vendor\Jolt\Physics\**\*.cpp" />
    <ClCompile Include="ArkEngine\Vendor\Jolt\Physics\**\*.cpp" />
    <ClCompile Include="ArkEngine\Vendor\Jolt\Physics\**\*.cpp" />
    <ClCompile Include="ArkEngine\Vendor\Jolt\Physics\**\*.cpp" />
    <ClCompile Include="ArkEngine\Vendor\Jolt\Physics\**\*.cpp" />
    <ClCompile Include="ArkEngine\Vendor\Jolt\Physics\**\*.cpp" />
    <ClCompile Include="ArkEngine\Vendor\Jolt\Physics\**\*.cpp" />
    <ClCompile Include="ArkEngine\Vendor\Jolt\Physics\**\*.cpp" />
    <ClCompile Include="ArkEngine\Vendor\Jolt\Physics\**\*.cpp" />
    <ClCompile Include="ArkEngine\Vendor\Jolt\Physics\**\*.cpp" />
    <ClCompile Include="ArkEngine\Vendor\Jolt\Physics\**\*.cpp" />
    <ClCompile Include="ArkEngine\Vendor\Jolt\Physics\**\*.cpp" />
    <ClCompile Include="ArkEngine\Vendor\Jolt\Physics\**\*.cpp" />
    <ClCompile Include="ArkEngine\Vendor\Jolt\Physics\**\*.cpp" />
    <ClCompile Include="ArkEngine\Vendor\Jolt\Physics\**\*.cpp" />
    <ClCompile Include="ArkEngine\Vendor\Jolt\Physics\**\*.cpp" />
    <ClCompile Include="ArkEngine\Vendor\Jolt\Skeleton\*.cpp" />
    <ClCompile Include="ArkEngine\Vendor\Jolt\Skeleton\*.cpp" />
    <ClCompile Include="ArkEngine\Vendor\Jolt\Skeleton\*.cpp" />
    <ClCompile Include="ArkEngine\Vendor\Jolt\TriangleSplitter\*.cpp" />
    <ClCompile Include="ArkEngine\Vendor\Jolt\TriangleSplitter\*.cpp" />
    <ClCompile Include="ArkEngine\Vendor\Jolt\Core\*.cpp" />
    <ClCompile Include="ArkEngine\Vendor\Jolt\Core\*.cpp" />
    <ClCompile Include="ArkEngine\Vendor\Jolt\Core\*.cpp" />
    <ClCompile Include="ArkEngine\Vendor\Jolt\Core\*.cpp" />
    <ClCompile Include="ArkEngine\Vendor\Jolt\Core\*.cpp" />
    <ClCompile Include="ArkEngine\Vendor\Jolt\Core\*.cpp" />
    <ClCompile Include="ArkEngine\Vendor\Jolt\Core\*.cpp" />
    <ClCompile Include="ArkEngine\Vendor\Jolt\Core\*.cpp" />
    <ClCompile Include="ArkEngine\Vendor\Jolt\Core\*.cpp" />
    <ClCompile Include="ArkEngine\Vendor\Jolt\Core\*.cpp" />
    <ClCompile Include="ArkEngine\Vendor\Jolt\Core\*.cpp" />
    <ClCompile Include="ArkEngine\Vendor\Jolt\Core\*.cpp" />
    <ClCompile Include="ArkEngine\Vendor\Jolt\Geometry\*.cpp" />
    <ClCompile Include="ArkEngine\Vendor\Jolt\Geometry\*.cpp" />
    <ClCompile Include="ArkEngine\Vendor\Jolt\Geometry\*.cpp" />
    <ClCompile Include="ArkEngine\Vendor\Jolt\ObjectStream\*.cpp" />
    <ClCompile Include="ArkEngine\Vendor\Jolt\ObjectStream\*.cpp" />
    <ClCompile Include="ArkEngine\Vendor\Jolt\ObjectStream\*.cpp" />
    <ClCompile Include="ArkEngine\Vendor\Jolt\ObjectStream\*.cpp" />
    <ClCompile Include="ArkEngine\Vendor\Jolt\ObjectStream\*.cpp" />
    <ClCompile Include="ArkEngine\Vendor\Jolt\ObjectStream\*.cpp" />
    <ClCompile Include="ArkEngine\Vendor\Jolt\ObjectStream\*.cpp" />
    <ClCompile Include="ArkEngine\Vendor\Jolt\ObjectStream\*.cpp" />
    <ClCompile Include="ArkEngine\Vendor\Jolt\Physics\**\*.cpp" />
    <ClCompile Include="ArkEngine\Vendor\Jolt\Physics\**\*.cpp" />
    <ClCompile Include="ArkEngine\Vendor\Jolt\Physics\**\*.cpp" />
    <ClCompile Include="ArkEngine\Vendor\Jolt\Physics\**\*.cpp" />
    <ClCompile Include="ArkEngine\Vendor\Jolt\Physics\**\*.cpp" />
    <ClCompile Include="ArkEngine\Vendor\Jolt\Physics\**\*.cpp" />
    <ClCompile Include="ArkEngine\Vendor\Jolt\Physics\**\*.cpp" />
    <ClCompile Include="ArkEngine\Vendor\Jolt\Physics\**\*.cpp" />
    <ClCompile Include="ArkEngine\Vendor\Jolt\Physics\**\*.cpp" />
    <ClCompile Include="ArkEngine\Vendor\Jolt\Physics\**\*.cpp" />
    <ClCompile Include="ArkEngine\Vendor\Jolt\Physics\**\*.cpp" />
    <ClCompile Include="ArkEngine\Vendor\Jolt\Physics\**\*.cpp" />
    <ClCompile Include="ArkEngine\Vendor\Jolt\Physics\**\*.cpp" />
    <ClCompile Include="ArkEngine\Vendor\Jolt\Physics\**\*.cpp" />
    <ClCompile Include="ArkEngine\Vendor\Jolt\Physics\**\*.cpp" />
    <ClCompile Include="ArkEngine\Vendor\Jolt\Physics\**\*.cpp" />
    <ClCompile Include="ArkEngine\Vendor\Jolt\Physics\**\*.cpp" />
    <ClCompile Include="ArkEngine\Vendor\Jolt\Physics\**\*.cpp" />
    <ClCompile Include="ArkEngine\Vendor\Jolt\Physics\**\*.cpp" />
    <ClCompile Include="ArkEngine\Vendor\Jolt\Physics\**\*.cpp" />
    <ClCompile Include="ArkEngine\Vendor\Jolt\Physics\**\*.cpp" />
    <ClCompile Include="ArkEngine\Vendor\Jolt\Physics\**\*.cpp" />
    <ClCompile Include="ArkEngine\Vendor\Jolt\Physics\**\*.cpp" />
    <ClCompile Include="ArkEngine\Vendor\Jolt\Physics\**\*.cpp" />
    <ClCompile Include="ArkEngine\Vendor\Jolt\Physics\**\*.cpp" />
    <ClCompile Include="ArkEngine\Vendor\Jolt\Physics\**\*.cpp" />
    <ClCompile Include="ArkEngine\Vendor\Jolt\Physics\**\*.cpp" />
    <ClCompile Include="ArkEngine\Vendor\Jolt\Physics\**\*.cpp" />
    <ClCompile Include="ArkEngine\Vendor\Jolt\Physics\**\*.cpp" />
    <ClCompile Include="ArkEngine\Vendor\Jolt\Physics\**\*.cpp" />
    <ClCompile Include="ArkEngine\Vendor\Jolt\Physics\**\*.cpp" />
    <ClCompile Include="ArkEngine\Vendor\Jolt\Physics\**\*.cpp" />
    <ClCompile Include="ArkEngine\Vendor\Jolt\Physics\**\*.cpp" />
    <ClCompile Include="ArkEngine\Vendor\Jolt\Physics\**\*.cpp" />
    <ClCompile Include="ArkEngine\Vendor\Jolt\Physics\**\*.cpp" />
    <ClCompile Include="ArkEngine\Vendor\Jolt\Physics\**\*.cpp" />
    <ClCompile Include="ArkEngine\Vendor\Jolt\Physics\**\*.cpp" />
    <ClCompile Include="ArkEngine\Vendor\Jolt\Physics\**\*.cpp" />
    <ClCompile Include="ArkEngine\Vendor\Jolt\Physics\**\*.cpp" />
    <ClCompile Include="ArkEngine\Vendor\Jolt\Physics\**\*.cpp" />
    <ClCompile Include="ArkEngine\Vendor\Jolt\Physics\**\*.cpp" />
    <ClCompile Include="ArkEngine\Vendor\Jolt\Physics\**\*.cpp" />
    <ClCompile Include="ArkEngine\Vendor\Jolt\Physics\**\*.cpp" />
    <ClCompile Include="ArkEngine\Vendor\Jolt\Physics\**\*.cpp" />
    <ClCompile Include="ArkEngine\Vendor\Jolt\Physics\**\*.cpp" />
    <ClCompile Include="ArkEngine\Vendor\Jolt\Physics\**\*.cpp" />
    <ClCompile Include="ArkEngine\Vendor\Jolt\Physics\**\*.cpp" />
    <ClCompile Include="ArkEngine\Vendor\Jolt\Physics\**\*.cpp" />
    <ClCompile Include="ArkEngine\Vendor\Jolt\Physics\**\*.cpp" />
    <ClCompile Include="ArkEngine\Vendor\Jolt\Physics\**\*.cpp" />
    <ClCompile Include="ArkEngine\Vendor\Jolt\Physics\**\*.cpp" />
    <ClCompile Include="ArkEngine\Vendor\Jolt\Physics\**\*.cpp" />
    <ClCompile Include="ArkEngine\Vendor\Jolt\Physics\**\*.cpp" />
    <ClCompile Include="ArkEngine\Vendor\Jolt\Physics\**\*.cpp" />
    <ClCompile Include="ArkEngine\Vendor\Jolt\Physics\**\*.cpp" />
    <ClCompile Include="ArkEngine\Vendor\Jolt\Physics\**\*.cpp" />
    <ClCompile Include="ArkEngine\Vendor\Jolt\Physics\**\*.cpp" />
    <ClCompile Include="ArkEngine\Vendor\Jolt\Physics\**\*.cpp" />
    <ClCompile Include="ArkEngine\Vendor\Jolt\Physics\**\*.cpp" />
    <ClCompile Include="ArkEngine\Vendor\Jolt\Physics\**\*.cpp" />
    <ClCompile Include="ArkEngine\Vendor\Jolt\Physics\**\*.cpp" />
    <ClCompile Include="ArkEngine\Vendor\Jolt\Physics\**\*.cpp" />
    <ClCompile Include="ArkEngine\Vendor\Jolt\Physics\**\*.cpp" />
    <ClCompile Include="ArkEngine\Vendor\Jolt\Physics\**\*.cpp" />
    <ClCompile Include="ArkEngine\Vendor\Jolt\Physics\**\*.cpp" />
    <ClCompile Include="ArkEngine\Vendor\Jolt\Physics\**\*.cpp" />
    <ClCompile Include="ArkEngine\Vendor\Jolt\Physics\**\*.cpp" />
    <ClCompile Include="ArkEngine\Vendor\Jolt\Physics\**\*.cpp" />
    <ClCompile Include="ArkEngine\Vendor\Jolt\Physics\**\*.cpp" />
    <ClCompile Include="ArkEngine\Vendor\Jolt\Physics\**\*.cpp" />
    <ClCompile Include="ArkEngine\Vendor\Jolt\Physics\**\*.cpp" />
    <ClCompile Include="ArkEngine\Vendor\Jolt\Physics\**\*.cpp" />
    <ClCompile Include="ArkEngine\Vendor\Jolt\Physics\**\*.cpp" />
    <ClCompile Include="ArkEngine\Vendor\Jolt\Physics\**\*.cpp" />
    <ClCompile Include="ArkEngine\Vendor\Jolt\Physics\**\*.cpp" />
    <ClCompile Include="ArkEngine\Vendor\Jolt\Physics\**\*.cpp" />
    <ClCompile Include="ArkEngine\Vendor\Jolt\Physics\**\*.cpp" />
    <ClCompile Include="ArkEngine\Vendor\Jolt\Physics\**\*.cpp" />
    <ClCompile Include="ArkEngine\Vendor\Jolt\Physics\**\*.cpp" />
    <ClCompile Include="ArkEngine\Vendor\Jolt\Physics\**\*.cpp" />
    <ClCompile Include="ArkEngine\Vendor\Jolt\Physics\**\*.cpp" />
    <ClCompile Include="ArkEngine\Vendor\Jolt\Physics\**\*.cpp" />
    <ClCompile Include="ArkEngine\Vendor\Jolt\Physics\**\*.cpp" />
    <ClCompile Include="ArkEngine\Vendor\Jolt\Physics\**\*.cpp" />
    <ClCompile Include="ArkEngine\Vendor\Jolt\Physics\**\*.cpp" />
    <ClCompile Include="ArkEngine\Vendor\Jolt\Physics\**\*.cpp" />
    <ClCompile Include="ArkEngine\Vendor\Jolt\Physics\**\*.cpp" />
    <ClCompile Include="ArkEngine\Vendor\Jolt\Physics\**\*.cpp" />
    <ClCompile Include="ArkEngine\Vendor\Jolt\Physics\**\*.cpp" />
    <ClCompile Include="ArkEngine\Vendor\Jolt\Physics\**\*.cpp" />
    <ClCompile Include="ArkEngine\Vendor\Jolt\Physics\**\*.cpp" />
    <ClCompile Include="ArkEngine\Vendor\Jolt\Physics\**\*.cpp" />
    <ClCompile Include="ArkEngine\Vendor\Jolt\Physics\**\*.cpp" />
    <ClCompile Include="ArkEngine\Vendor\Jolt\Physics\**\*.cpp" />
    <ClCompile Include="ArkEngine\Vendor\Jolt\Physics\**\*.cpp" />
    <ClCompile Include="ArkEngine\Vendor\Jolt\Skeleton\*.cpp" />
    <ClCompile Include="ArkEngine\Vendor\Jolt\Skeleton\*.cpp" />
    <ClCompile Include="ArkEngine\Vendor\Jolt\Skeleton\*.cpp" />
    <ClCompile Include="ArkEngine\Vendor\Jolt\TriangleSplitter\*.cpp" />
    <ClCompile Include="ArkEngine\Vendor\Jolt\TriangleSplitter\*.cpp" />
    <ClCompile Include="ArkEngine\src\Core\main.cpp" />
    <ClCompile Include="ArkEngine\src\Core\Application.cpp" />
    <ClCompile Include="ArkEngine\src\Core\ArkEngine.cpp" />
    <ClCompile Include="ArkEngine\src\Game.cpp" />
    <ClCompile Include="ArkEngine\src\Input\InputManager.cpp" />
    <ClCompile Include="ArkEngine\Vendor\Jolt\Core\*.cpp" />
    <ClCompile Include="ArkEngine\Vendor\Jolt\Core\*.cpp" />
    <ClCompile Include="ArkEngine\Vendor\Jolt\Core\*.cpp" />
    <ClCompile Include="ArkEngine\Vendor\Jolt\Core\*.cpp" />
    <ClCompile Include="ArkEngine\Vendor\Jolt\Core\*.cpp" />
    <ClCompile Include="ArkEngine\Vendor\Jolt\Core\*.cpp" />
    <ClCompile Include="ArkEngine\Vendor\Jolt\Core\*.cpp" />
    <ClCompile Include="ArkEngine\Vendor\Jolt\Core\*.cpp" />
    <ClCompile Include="ArkEngine\Vendor\Jolt\Core\*.cpp" />
    <ClCompile Include="ArkEngine\Vendor\Jolt\Core\*.cpp" />
    <ClCompile Include="ArkEngine\Vendor\Jolt\Core\*.cpp" />
    <ClCompile Include="ArkEngine\Vendor\Jolt\Core\*.cpp" />
    <ClCompile Include="ArkEngine\Vendor\Jolt\Geometry\*.cpp" />
    <ClCompile Include="ArkEngine\Vendor\Jolt\Geometry\*.cpp" />
    <ClCompile Include="ArkEngine\Vendor\Jolt\Geometry\*.cpp" />
    <ClCompile Include="ArkEngine\Vendor\Jolt\ObjectStream\*.cpp" />
    <ClCompile Include="ArkEngine\Vendor\Jolt\ObjectStream\*.cpp" />
    <ClCompile Include="ArkEngine\Vendor\Jolt\ObjectStream\*.cpp" />
    <ClCompile Include="ArkEngine\Vendor\Jolt\ObjectStream\*.cpp" />
    <ClCompile Include="ArkEngine\Vendor\Jolt\ObjectStream\*.cpp" />
    <ClCompile Include="ArkEngine\Vendor\Jolt\ObjectStream\*.cpp" />
    <ClCompile Include="ArkEngine\Vendor\Jolt\ObjectStream\*.cpp" />
    <ClCompile Include="ArkEngine\Vendor\Jolt\ObjectStream\*.cpp" />
    <ClCompile Include="ArkEngine\Vendor\Jolt\Physics\**\*.cpp" />
    <ClCompile Include="ArkEngine\Vendor\Jolt\Physics\**\*.cpp" />
    <ClCompile Include="ArkEngine\Vendor\Jolt\Physics\**\*.cpp" />
    <ClCompile Include="ArkEngine\Vendor\Jolt\Physics\**\*.cpp" />
    <ClCompile Include="ArkEngine\Vendor\Jolt\Physics\**\*.cpp" />
    <ClCompile Include="ArkEngine\Vendor\Jolt\Physics\**\*.cpp" />
    <ClCompile Include="ArkEngine\Vendor\Jolt\Physics\**\*.cpp" />
    <ClCompile Include="ArkEngine\Vendor\Jolt\Physics\**\*.cpp" />
    <ClCompile Include="ArkEngine\Vendor\Jolt\Physics\**\*.cpp" />
    <ClCompile Include="ArkEngine\Vendor\Jolt\Physics\**\*.cpp" />
    <ClCompile Include="ArkEngine\Vendor\Jolt\Physics\**\*.cpp" />
    <ClCompile Include="ArkEngine\Vendor\Jolt\Physics\**\*.cpp" />
    <ClCompile Include="ArkEngine\Vendor\Jolt\Physics\**\*.cpp" />
    <ClCompile Include="ArkEngine\Vendor\Jolt\Physics\**\*.cpp" />
    <ClCompile Include="ArkEngine\Vendor\Jolt\Physics\**\*.cpp" />
    <ClCompile Include="ArkEngine\Vendor\Jolt\Physics\**\*.cpp" />
    <ClCompile Include="ArkEngine\Vendor\Jolt\Physics\**\*.cpp" />
    <ClCompile Include="ArkEngine\Vendor\Jolt\Physics\**\*.cpp" />
    <ClCompile Include="ArkEngine\Vendor\Jolt\Physics\**\*.cpp" />
    <ClCompile Include="ArkEngine\Vendor\Jolt\Physics\**\*.cpp" />
    <ClCompile Include="ArkEngine\Vendor\Jolt\Physics\**\*.cpp" />
    <ClCompile Include="ArkEngine\Vendor\Jolt\Physics\**\*.cpp" />
    <ClCompile Include="ArkEngine\Vendor\Jolt\Physics\**\*.cpp" />
    <ClCompile Include="ArkEngine\Vendor\Jolt\Physics\**\*.cpp" />
    <ClCompile Include="ArkEngine\Vendor\Jolt\Physics\**\*.cpp" />
    <ClCompile Include="ArkEngine\Vendor\Jolt\Physics\**\*.cpp" />
    <ClCompile Include="ArkEngine\Vendor\Jolt\Physics\**\*.cpp" />
    <ClCompile Include="ArkEngine\Vendor\Jolt\Physics\**\*.cpp" />
    <ClCompile Include="ArkEngine\Vendor\Jolt\Physics\**\*.cpp" />
    <ClCompile Include="ArkEngine\Vendor\Jolt\Physics\**\*.cpp" />
    <ClCompile Include="ArkEngine\Vendor\Jolt\Physics\**\*.cpp" />
    <ClCompile Include="ArkEngine\Vendor\Jolt\Physics\**\*.cpp" />
    <ClCompile Include="ArkEngine\Vendor\Jolt\Physics\**\*.cpp" />
    <ClCompile Include="ArkEngine\Vendor\Jolt\Physics\**\*.cpp" />
    <ClCompile Include="ArkEngine\Vendor\Jolt\Physics\**\*.cpp" />
    <ClCompile Include="ArkEngine\Vendor\Jolt\Physics\**\*.cpp" />
    <ClCompile Include="ArkEngine\Vendor\Jolt\Physics\**\*.cpp" />
    <ClCompile Include="ArkEngine\Vendor\Jolt\Physics\**\*.cpp" />
    <ClCompile Include="ArkEngine\Vendor\Jolt\Physics\**\*.cpp" />
    <ClCompile Include="ArkEngine\Vendor\Jolt\Physics\**\*.cpp" />
    <ClCompile Include="ArkEngine\Vendor\Jolt\Physics\**\*.cpp" />
    <ClCompile Include="ArkEngine\Vendor\Jolt\Physics\**\*.cpp" />
    <ClCompile Include="ArkEngine\Vendor\Jolt\Physics\**\*.cpp" />
    <ClCompile Include="ArkEngine\Vendor\Jolt\Physics\**\*.cpp" />
    <ClCompile Include="ArkEngine\Vendor\Jolt\Physics\**\*.cpp" />
    <ClCompile Include="ArkEngine\Vendor\Jolt\Physics\**\*.cpp" />
    <ClCompile Include="ArkEngine\Vendor\Jolt\Physics\**\*.cpp" />
    <ClCompile Include="ArkEngine\Vendor\Jolt\Physics\**\*.cpp" />
    <ClCompile Include="ArkEngine\Vendor\Jolt\Physics\**\*.cpp" />
    <ClCompile Include="ArkEngine\Vendor\Jolt\Physics\**\*.cpp" />
    <ClCompile Include="ArkEngine\Vendor\Jolt\Physics\**\*.cpp" />
    <ClCompile Include="ArkEngine\Vendor\Jolt\Physics\**\*.cpp" />
    <ClCompile Include="ArkEngine\Vendor\Jolt\Physics\**\*.cpp" />
    <ClCompile Include="ArkEngine\Vendor\Jolt\Physics\**\*.cpp" />
    <ClCompile Include="ArkEngine\Vendor\Jolt\Physics\**\*.cpp" />
    <ClCompile Include="ArkEngine\Vendor\Jolt\Physics\**\*.cpp" />
    <ClCompile Include="ArkEngine\Vendor\Jolt\Physics\**\*.cpp" />
    <ClCompile Include="ArkEngine\Vendor\Jolt\Physics\**\*.cpp" />
    <ClCompile Include="ArkEngine\Vendor\Jolt\Physics\**\*.cpp" />
    <ClCompile Include="ArkEngine\Vendor\Jolt\Physics\**\*.cpp" />
    <ClCompile Include="ArkEngine\Vendor\Jolt\Physics\**\*.cpp" />
    <ClCompile Include="ArkEngine\Vendor\Jolt\Physics\**\*.cpp" />
    <ClCompile Include="ArkEngine\Vendor\Jolt\Physics\**\*.cpp" />
    <ClCompile Include="ArkEngine\Vendor\Jolt\Physics\**\*.cpp" />
    <ClCompile Include="ArkEngine\Vendor\Jolt\Physics\**\*.cpp" />
    <ClCompile Include="ArkEngine\Vendor\Jolt\Physics\**\*.cpp" />
    <ClCompile Include="ArkEngine\Vendor\Jolt\Physics\**\*.cpp" />
    <ClCompile Include="ArkEngine\Vendor\Jolt\Physics\**\*.cpp" />
    <ClCompile Include="ArkEngine\Vendor\Jolt\Physics\**\*.cpp" />
    <ClCompile Include="ArkEngine\Vendor\Jolt\Physics\**\*.cpp" />
    <ClCompile Include="ArkEngine\Vendor\Jolt\Physics\**\*.cpp" />
    <ClCompile Include="ArkEngine\Vendor\Jolt\Physics\**\*.cpp" />
    <ClCompile Include="ArkEngine\Vendor\Jolt\Physics\**\*.cpp" />
    <ClCompile Include="ArkEngine\Vendor\Jolt\Physics\**\*.cpp" />
    <ClCompile Include="ArkEngine\Vendor\Jolt\Physics\**\*.cpp" />
    <ClCompile Include="ArkEngine\Vendor\Jolt\Physics\**\*.cpp" />
    <ClCompile Include="ArkEngine\Vendor\Jolt\Physics\**\*.cpp" />
    <ClCompile Include="ArkEngine\Vendor\Jolt\Physics\**\*.cpp" />
    <ClCompile Include="ArkEngine\Vendor\Jolt\Physics\**\*.cpp" />
    <ClCompile Include="ArkEngine\Vendor\Jolt\Physics\**\*.cpp" />
    <ClCompile Include="ArkEngine\Vendor\Jolt\Physics\**\*.cpp" />
    <ClCompile Include="ArkEngine\Vendor\Jolt\Physics\**\*.cpp" />
    <ClCompile Include="ArkEngine\Vendor\Jolt\Physics\**\*.cpp" />
    <ClCompile Include="ArkEngine\Vendor\Jolt\Physics\**\*.cpp" />
    <ClCompile Include="ArkEngine\Vendor\Jolt\Physics\**\*.cpp" />
    <ClCompile Include="ArkEngine\Vendor\Jolt\Physics\**\*.cpp" />
    <ClCompile Include="ArkEngine\Vendor\Jolt\Physics\**\*.cpp" />
    <ClCompile Include="ArkEngine\Vendor\Jolt\Physics\**\*.cpp" />
    <ClCompile Include="ArkEngine\Vendor\Jolt\Physics\**\*.cpp" />
    <ClCompile Include="ArkEngine\Vendor\Jolt\Physics\**\*.cpp" />
    <ClCompile Include="ArkEngine\Vendor\Jolt\Physics\**\*.cpp" />
    <ClCompile Include="ArkEngine\Vendor\Jolt\Physics\**\*.cpp" />
    <ClCompile Include="ArkEngine\Vendor\Jolt\Physics\**\*.cpp" />
    <ClCompile Include="ArkEngine\Vendor\Jolt\Physics\**\*.cpp" />
    <ClCompile Include="ArkEngine\Vendor\Jolt\Physics\**\*.cpp" />
    <ClCompile Include="ArkEngine\Vendor\Jolt\Skeleton\*.cpp" />
    <ClCompile Include="ArkEngine\Vendor\Jolt\Skeleton\*.cpp" />
    <ClCompile Include="ArkEngine\Vendor\Jolt\Skeleton\*.cpp" />
    <ClCompile Include="ArkEngine\Vendor\Jolt\TriangleSplitter\*.cpp" />
    <ClCompile Include="ArkEngine\Vendor\Jolt\TriangleSplitter\*.cpp" />
    <ClCompile Include="ArkEngine\src\Graphics\ShaderProgram.cpp" />
  </ItemGroup>
  <ItemGroup>
    <ClInclude Include="ArkEngine\src\Migration\ArkEngine_app.h" />
    <ClInclude Include="ArkEngine\src\Rework\Ark_engine_common.h" />
    <ClInclude Include="ArkEngine\src\Rework\Ark_Util.h" />
    <ClInclude Include="ArkEngine\src\Rework\Ark_Types.h" />
    <ClInclude Include="ArkEngine\src\Rework\Ark_glfw.h" />
    <ClInclude Include="ArkEngine\src\Rework\Ark_glm_camera.h" />
    <ClInclude Include="ArkEngine\src\Rework\Ark_camera_api.h" />
    <ClInclude Include="ArkEngine\src\Rework\Ark_math_3d.h" />
    <ClInclude Include="ArkEngine\src\Rework\Ark_glfw_camera_handler.h" />
    <ClInclude Include="ArkEngine\src\Rework\Ark_basic_glfw_camera.h" />
    <ClInclude Include="ArkEngine\src\Rework\Ark_basic_mesh.h" />
    <ClInclude Include="ArkEngine\src\Rework\Ark_world_transform.h" />
    <ClInclude Include="ArkEngine\src\Rework\Ark_phong_renderer.h" />
    <ClInclude Include="ArkEngine\src\Rework\Ark_skinned_mesh.h" />
    <ClInclude Include="ArkEngine\src\Rework\Ark_material.h" />
    <ClInclude Include="ArkEngine\src\Rework\Ark_texture.h" />
    <ClInclude Include="ArkEngine\src\Rework\technique.h" />
    <ClInclude Include="ArkEngine\src\Rework\Ark_mesh_common.h" />
    <ClInclude Include="ArkEngine\src\Rework\Ark_shadow_mapping_technique.h" />
    <ClInclude Include="ArkEngine\src\Rework\Ark_skinning_technique.h" />
    <ClInclude Include="ArkEngine\src\Rework\Ark_new_lighting.h" />
    <ClInclude Include="ArkEngine\src\Math\3DMath_util.h" />
    <ClInclude Include="ArkEngine\src\Math\Math3d.h" />
    <ClInclude Include="ArkEngine\src\Rework\Ark_stb_image.h" />
    <ClInclude Include="ArkEngine\src\Core\Application.h" />
    <ClInclude Include="ArkEngine\src\Core\ArkEngine.h" />
    <ClInclude Include="ArkEngine\src\Core\EngineInclude.h" />
    <ClInclude Include="ArkEngine\src\Game.h" />
    <ClInclude Include="ArkEngine\src\Input\InputManager.h" />
    <ClInclude Include="ArkEngine\src\Graphics\ShaderProgram.h" />
  </ItemGroup>
  <ItemGroup>
    <Image Include="ArkEngine\Resources\Textures\BathroomFloor_ALB.png" />
  </ItemGroup>
  <ItemGroup>
    <CopyFileToFolders Include="..\lib\x64\assimp-vc143-mt.dll" />
    <CopyFileToFolders Include="..\lib\x64\glfw3.dll" />
    <CopyFileToFolders Include="..\lib\x64\SDL3.dll" />
  </ItemGroup>
  <ItemGroup>
    <None Include="ArkEngine\Resources\Shaders\empty.frag" />
    <None Include="ArkEngine\Resources\Shaders\infinite_grid.frag" />
    <None Include="ArkEngine\Resources\Shaders\Infinite_grid.vert" />
    <None Include="ArkEngine\Resources\Shaders\lighting_new.frag" />
    <None Include="ArkEngine\Resources\Shaders\lighting_new.vert" />
    <None Include="ArkEngine\Resources\Shaders\lighting_new_to_gs.vert" />
    <None Include="ArkEngine\Resources\Shaders\passthru.gs" />
    <None Include="ArkEngine\Resources\Shaders\shadow_map.vert" />
    <None Include="ArkEngine\Resources\Shaders\shadow_map_point_light.frag" />
    <None Include="ArkEngine\Resources\Shaders\shadow_map_point_light.vert" />
    <None Include="ArkEngine\Resources\Shaders\skinning.vert" />
    <None Include="ArkEngine\Resources\Shaders\tex.frag" />
    <None Include="ArkEngine\Resources\Shaders\tex.vert" />
    <None Include="ArkEngine\Resources\Shaders\viewport_textured.frag" />
    <None Include="ArkEngine\Resources\Shaders\viewport_textured.vert" />
    <None Include="ArkEngine\Resources\Shaders\world_background.frag" />
    <None Include="ArkEngine\Resources\Shaders\world_background.vert" />
    <None Include="ArkEngine\Resources\Shaders\wireframe_on_mesh.gs" />
    <None Include="ArkEngine\Resources\Models\OBJ\cube\cube.obj" />
  </ItemGroup>
</Project>