<?xml version="1.0" encoding="utf-8"?>
<Project ToolsVersion="4.0" xmlns="http://schemas.microsoft.com/developer/msbuild/2003">
  <ItemGroup>
    <Image Include="ArkEngine\Resources\Textures\BathroomFloor_ALB.png" />
  </ItemGroup>
  <ItemGroup>
    <ClCompile Include="ArkEngine\src\AssetManager\ResourceLoader.cpp" />
    <ClCompile Include="ArkEngine\src\Camera\BasicCamera.cpp" />
    <ClCompile Include="ArkEngine\src\Camera\Camera.cpp" />
    <ClCompile Include="ArkEngine\src\Camera\ViewportCamera.cpp" />
    <ClCompile Include="ArkEngine\src\Common\IO_Buffer.cpp" />
    <ClCompile Include="ArkEngine\src\Common\Pipeline.cpp" />
    <ClCompile Include="ArkEngine\src\ECS\Common\Basic_Mesh.cpp" />
    <ClCompile Include="ArkEngine\src\ECS\Common\Mesh.cpp" />
    <ClCompile Include="ArkEngine\src\ECS\SkinnedMesh\Skinned_Mesh.cpp" />
    <ClCompile Include="ArkEngine\src\Editor\DirectoryScanner.cpp" />
    <ClCompile Include="ArkEngine\src\Editor\EditorUI.cpp" />
    <ClCompile Include="ArkEngine\src\Maps\InfiniteGrid\InfiniteGrid.cpp" />
    <ClCompile Include="ArkEngine\src\Maps\Techniques\Geometry_pass_Technique.cpp" />
    <ClCompile Include="ArkEngine\src\Maps\Techniques\Infinite_Grid_Technique.cpp" />
    <ClCompile Include="ArkEngine\src\Maps\Techniques\Shadow_Mapping_Technique.cpp" />
    <ClCompile Include="ArkEngine\src\Maps\Techniques\Skinning_Technique.cpp" />
    <ClCompile Include="ArkEngine\src\Maps\Techniques\Skybox_Technique.cpp" />
    <ClCompile Include="ArkEngine\src\Maps\Ect_Cubemap.cpp" />
    <ClCompile Include="ArkEngine\src\Maps\Skybox.cpp" />
    <ClCompile Include="ArkEngine\src\Math\3DMath_util.cpp" />
    <ClCompile Include="ArkEngine\src\Meshes\Cube.cpp" />
    <ClCompile Include="ArkEngine\src\MusicPlayer\Backend\FmodMusicBackend.cpp" />
    <ClCompile Include="ArkEngine\src\MusicPlayer\Backend\SoLoudBackend.cpp" />
    <ClCompile Include="ArkEngine\src\MusicPlayer\MusicPlayer.cpp" />
    <ClCompile Include="ArkEngine\src\Rendering\Assets\MeshCache.cpp" />
    <ClCompile Include="ArkEngine\src\Rendering\Cache\TextureCache.cpp" />
    <ClCompile Include="ArkEngine\src\Rendering\Framebuffer\Framebuffer.cpp" />
    <ClCompile Include="ArkEngine\src\Rendering\Framebuffer\Framebuffer_Object.cpp" />
    <ClCompile Include="ArkEngine\src\Rendering\Lightning\Lightning.cpp" />
    <ClCompile Include="ArkEngine\src\Rendering\Mesh\ObjGPUMesh.cpp" />
    <ClCompile Include="ArkEngine\src\Rendering\Phong\Phong_Renderer.cpp" />
    <ClCompile Include="ArkEngine\src\Rendering\Texture\Cubemap_Texture.cpp" />
    <ClCompile Include="ArkEngine\src\Rendering\Texture\Texture.cpp" />
    <ClCompile Include="ArkEngine\src\Rendering\Threading\WorldRenderThread.cpp" />
    <ClCompile Include="ArkEngine\src\Rendering\WorldRendererLegacy.cpp" />
    <ClCompile Include="ArkEngine\src\Utility\MemoryDiagnostics.cpp" />
    <ClCompile Include="ArkEngine\src\Utility\SceneIO.cpp" />
    <ClCompile Include="ArkEngine\src\Utility\Technique.cpp" />
    <ClCompile Include="ArkEngine\src\Utility\Transform.cpp" />
    <ClCompile Include="ArkEngine\src\Utility\Util.cpp" />
    <ClCompile Include="ArkEngine\src\Utility\Utility.cpp" />
    <ClCompile Include="ArkEngine\src\ArkApp.cpp" />
    <ClCompile Include="ArkEngine\src\ArkEngine.cpp" />
    <ClCompile Include="ArkEngine\src\ArkWindow.cpp" />
    <ClCompile Include="ArkEngine\src\AssetManager.cpp" />
    <ClCompile Include="ArkEngine\src\Initializer.cpp" />
    <ClCompile Include="ArkEngine\src\Logger.cpp" />
    <ClCompile Include="ArkEngine\src\main.cpp" />
    <ClCompile Include="ArkEngine\src\Material.cpp" />
    <ClCompile Include="ArkEngine\src\Shader.cpp" />
    <ClCompile Include="ArkEngine\src\imgui\backends\imgui_impl_dx9.cpp" />
    <ClCompile Include="ArkEngine\src\imgui\backends\imgui_impl_dx10.cpp" />
    <ClCompile Include="ArkEngine\src\imgui\backends\imgui_impl_dx11.cpp" />
    <ClCompile Include="ArkEngine\src\imgui\backends\imgui_impl_glfw.cpp" />
    <ClCompile Include="ArkEngine\src\imgui\backends\imgui_impl_null.cpp" />
    <ClCompile Include="ArkEngine\src\imgui\backends\imgui_impl_opengl2.cpp" />
    <ClCompile Include="ArkEngine\src\imgui\backends\imgui_impl_opengl3.cpp" />
    <ClCompile Include="ArkEngine\src\imgui\backends\imgui_impl_sdl3.cpp" />
    <ClCompile Include="ArkEngine\src\imgui\backends\imgui_impl_sdlgpu3.cpp" />
    <ClCompile Include="ArkEngine\src\imgui\backends\imgui_impl_sdlrenderer3.cpp" />
    <ClCompile Include="ArkEngine\src\imgui\backends\imgui_impl_vulkan.cpp" />
    <ClCompile Include="ArkEngine\src\imgui\backends\imgui_impl_win32.cpp" />
    <ClCompile Include="ArkEngine\src\imgui\misc\cpp\imgui_stdlib.cpp" />
    <ClCompile Include="ArkEngine\src\imgui\misc\freetype\imgui_freetype.cpp" />
    <ClCompile Include="ArkEngine\src\imgui\imgui.cpp" />
    <ClCompile Include="ArkEngine\src\imgui\imgui_demo.cpp" />
    <ClCompile Include="ArkEngine\src\imgui\imgui_draw.cpp" />
    <ClCompile Include="ArkEngine\src\imgui\imgui_tables.cpp" />
    <ClCompile Include="ArkEngine\src\imgui\imgui_widgets.cpp" />
    <ClCompile Include="ArkEngine\src\ImGuizmo\GraphEditor.cpp" />
    <ClCompile Include="ArkEngine\src\ImGuizmo\ImCurveEdit.cpp" />
    <ClCompile Include="ArkEngine\src\ImGuizmo\ImGradient.cpp" />
    <ClCompile Include="ArkEngine\src\ImGuizmo\ImGuizmo.cpp" />
    <ClCompile Include="ArkEngine\src\ImGuizmo\ImSequencer.cpp" />
    <ClCompile Include="ArkEngine\src\glad\glad.c" />
  </ItemGroup>
  <ItemGroup>
    <ClInclude Include="ArkEngine\src\AssetManager\ResourceLoader.h" />
    <ClInclude Include="ArkEngine\src\Camera\BasicCamera.h" />
    <ClInclude Include="ArkEngine\src\Camera\Camera.h" />
    <ClInclude Include="ArkEngine\src\Camera\Camera_API.h" />
    <ClInclude Include="ArkEngine\src\Camera\ViewportCamera.h" />
    <ClInclude Include="ArkEngine\src\Common\IO_Buffer.h" />
    <ClInclude Include="ArkEngine\src\Common\Pipeline.h" />
    <ClInclude Include="ArkEngine\src\ECS\Common\Basic_Mesh.h" />
    <ClInclude Include="ArkEngine\src\ECS\Common\Mesh.h" />
    <ClInclude Include="ArkEngine\src\ECS\Common\Mesh_Common.h" />
    <ClInclude Include="ArkEngine\src\ECS\Lights\Lights_common.h" />
    <ClInclude Include="ArkEngine\src\ECS\SkinnedMesh\Skinned_Mesh.h" />
    <ClInclude Include="ArkEngine\src\ECS\Component.h" />
    <ClInclude Include="ArkEngine\src\ECS\StaticMeshComponent.h" />
    <ClInclude Include="ArkEngine\src\Editor\Panels\ConsolePanel.h" />
    <ClInclude Include="ArkEngine\src\Editor\DirectoryScanner.h" />
    <ClInclude Include="ArkEngine\src\Editor\EditorUI.h" />
    <ClInclude Include="ArkEngine\src\Editor\ImGuiLayer.h" />
    <ClInclude Include="ArkEngine\src\Input\Input.h" />
    <ClInclude Include="ArkEngine\src\Input\KeyCodes.h" />
    <ClInclude Include="ArkEngine\src\Maps\InfiniteGrid\InfiniteGrid.h" />
    <ClInclude Include="ArkEngine\src\Maps\Techniques\Geometry_pass_Technique.h" />
    <ClInclude Include="ArkEngine\src\Maps\Techniques\Infinite_Grid_Technique.h" />
    <ClInclude Include="ArkEngine\src\Maps\Techniques\Shadow_Mapping_Technique.h" />
    <ClInclude Include="ArkEngine\src\Maps\Techniques\Skinning_Technique.h" />
    <ClInclude Include="ArkEngine\src\Maps\Techniques\Skybox_Technique.h" />
    <ClInclude Include="ArkEngine\src\Maps\Ect_Cubemap.h" />
    <ClInclude Include="ArkEngine\src\Maps\Skybox.h" />
    <ClInclude Include="ArkEngine\src\Math\3DMath_util.h" />
    <ClInclude Include="ArkEngine\src\Meshes\Cube.h" />
    <ClInclude Include="ArkEngine\src\MusicPlayer\MusicPlayer.h" />
    <ClInclude Include="ArkEngine\src\Rendering\Assets\MeshCache.h" />
    <ClInclude Include="ArkEngine\src\Rendering\Cache\TextureCache.h" />
    <ClInclude Include="ArkEngine\src\Rendering\Framebuffer\Framebuffer.h" />
    <ClInclude Include="ArkEngine\src\Rendering\Framebuffer\Framebuffer_Object.h" />
    <ClInclude Include="ArkEngine\src\Rendering\Lightning\Lightning.h" />
    <ClInclude Include="ArkEngine\src\Rendering\Material\Material.h" />
    <ClInclude Include="ArkEngine\src\Rendering\Mesh\ObjGPUMesh.h" />
    <ClInclude Include="ArkEngine\src\Rendering\Phong\Phong_Renderer.h" />
    <ClInclude Include="ArkEngine\src\Rendering\Texture\bitmap.h" />
    <ClInclude Include="ArkEngine\src\Rendering\Texture\Cubemap_Texture.h" />
    <ClInclude Include="ArkEngine\src\Rendering\Texture\Texture.h" />
    <ClInclude Include="ArkEngine\src\Rendering\Threading\WorldRenderThread.h" />
    <ClInclude Include="ArkEngine\src\Rendering\VertexBuffer\VertexBuffer.h" />
    <ClInclude Include="ArkEngine\src\Rendering\WorldRendererLegacy.h" />
    <ClInclude Include="ArkEngine\src\Test\mesh.h" />
    <ClInclude Include="ArkEngine\src\Utility\ArkTypes.h" />
    <ClInclude Include="ArkEngine\src\Utility\Common.h" />
    <ClInclude Include="ArkEngine\src\Utility\MemoryDiagnostics.h" />
    <ClInclude Include="ArkEngine\src\Utility\SceneIO.h" />
    <ClInclude Include="ArkEngine\src\Utility\Technique.h" />
    <ClInclude Include="ArkEngine\src\Utility\Transform.h" />
    <ClInclude Include="ArkEngine\src\Utility\Util.h" />
    <ClInclude Include="ArkEngine\src\Utility\Utility.h" />
    <ClInclude Include="ArkEngine\src\Viewport\Viewport.h" />
    <ClInclude Include="ArkEngine\src\ArkApp.h" />
    <ClInclude Include="ArkEngine\src\ArkEngine.h" />
    <ClInclude Include="ArkEngine\src\ArkEnum.h" />
    <ClInclude Include="ArkEngine\src\ArkWindow.h" />
    <ClInclude Include="ArkEngine\src\AssetManager.h" />
    <ClInclude Include="ArkEngine\src\ImguiStyling.h" />
    <ClInclude Include="ArkEngine\src\Initializer.h" />
    <ClInclude Include="ArkEngine\src\Logger.h" />
    <ClInclude Include="ArkEngine\src\Material.h" />
    <ClInclude Include="ArkEngine\src\Shader.h" />
    <ClInclude Include="ArkEngine\src\imgui\backends\imgui_impl_dx9.h" />
    <ClInclude Include="ArkEngine\src\imgui\backends\imgui_impl_dx10.h" />
    <ClInclude Include="ArkEngine\src\imgui\backends\imgui_impl_dx11.h" />
    <ClInclude Include="ArkEngine\src\imgui\backends\imgui_impl_glfw.h" />
    <ClInclude Include="ArkEngine\src\imgui\backends\imgui_impl_metal.h" />
    <ClInclude Include="ArkEngine\src\imgui\backends\imgui_impl_null.h" />
    <ClInclude Include="ArkEngine\src\imgui\backends\imgui_impl_opengl2.h" />
    <ClInclude Include="ArkEngine\src\imgui\backends\imgui_impl_opengl3.h" />
    <ClInclude Include="ArkEngine\src\imgui\backends\imgui_impl_opengl3_loader.h" />
    <ClInclude Include="ArkEngine\src\imgui\backends\imgui_impl_osx.h" />
    <ClInclude Include="ArkEngine\src\imgui\backends\imgui_impl_sdl3.h" />
    <ClInclude Include="ArkEngine\src\imgui\backends\imgui_impl_sdlgpu3.h" />
    <ClInclude Include="ArkEngine\src\imgui\backends\imgui_impl_sdlgpu3_shaders.h" />
    <ClInclude Include="ArkEngine\src\imgui\backends\imgui_impl_sdlrenderer3.h" />
    <ClInclude Include="ArkEngine\src\imgui\backends\imgui_impl_vulkan.h" />
    <ClInclude Include="ArkEngine\src\imgui\backends\imgui_impl_win32.h" />
    <ClInclude Include="ArkEngine\src\imgui\misc\cpp\imgui_stdlib.h" />
    <ClInclude Include="ArkEngine\src\imgui\misc\freetype\imgui_freetype.h" />
    <ClInclude Include="ArkEngine\src\imgui\misc\single_file\imgui_single_file.h" />
    <ClInclude Include="ArkEngine\src\imgui\imconfig.h" />
    <ClInclude Include="ArkEngine\src\imgui\imgui.h" />
    <ClInclude Include="ArkEngine\src\imgui\imgui_internal.h" />
    <ClInclude Include="ArkEngine\src\imgui\imstb_rectpack.h" />
    <ClInclude Include="ArkEngine\src\imgui\imstb_textedit.h" />
    <ClInclude Include="ArkEngine\src\imgui\imstb_truetype.h" />
    <ClInclude Include="ArkEngine\src\ImGuizmo\GraphEditor.h" />
    <ClInclude Include="ArkEngine\src\ImGuizmo\ImCurveEdit.h" />
    <ClInclude Include="ArkEngine\src\ImGuizmo\ImGradient.h" />
    <ClInclude Include="ArkEngine\src\ImGuizmo\ImGuizmo.h" />
    <ClInclude Include="ArkEngine\src\ImGuizmo\ImLightRig.h" />
    <ClInclude Include="ArkEngine\src\ImGuizmo\ImSequencer.h" />
    <ClInclude Include="ArkEngine\src\ImGuizmo\ImZoomSlider.h" />
  </ItemGroup>
  <ItemGroup>
    <CopyFileToFolders Include="..\lib\x64\SDL3.dll" />
    <CopyFileToFolders Include="..\lib\x64\glfw3.dll" />
    <CopyFileToFolders Include="..\lib\x64\assimp-vc143-mt.dll" />
  </ItemGroup>
  <ItemGroup>
    <None Include="ArkEngine\Resources\Shaders\Infinite_grid.vert" />
    <None Include="ArkEngine\Resources\Shaders\infinite_grid.frag" />
    <None Include="ArkEngine\Resources\Shaders\shadow_map.vert" />
    <None Include="ArkEngine\Resources\Shaders\empty.frag" />
    <None Include="ArkEngine\Resources\Shaders\lighting_new.vert" />
    <None Include="ArkEngine\Resources\Shaders\lighting_new.frag" />
    <None Include="ArkEngine\Resources\Shaders\passthru.gs" />
    <None Include="ArkEngine\Resources\Shaders\lighting_new_to_gs.vert" />
    <None Include="ArkEngine\Resources\Shaders\wireframe_on_mesh.gs" />
    <None Include="ArkEngine\Resources\Shaders\skinning.vert" />
    <None Include="ArkEngine\Resources\Shaders\tex.frag" />
    <None Include="ArkEngine\Resources\Shaders\tex.vert" />
    <None Include="ArkEngine\Resources\Shaders\shadow_map_point_light.vert" />
    <None Include="ArkEngine\Resources\Shaders\shadow_map_point_light.frag" />
    <None Include="ArkEngine\Resources\Shaders\viewport_textured.vert" />
    <None Include="ArkEngine\Resources\Shaders\viewport_textured.frag" />
  </ItemGroup>
</Project>